// !$*UTF8*$!
{
	archiveVersion = 1;
	classes = {
	};
	objectVersion = 46;
	objects = {

/* Begin PBXFileReference section */
		D339F4691927AE5600C79A51 /* .gitignore */ = {isa = PBXFileReference; lastKnownFileType = text; path = .gitignore; sourceTree = "<group>"; };
		D339F46A1927AE5600C79A51 /* acinclude.m4 */ = {isa = PBXFileReference; lastKnownFileType = text; path = acinclude.m4; sourceTree = "<group>"; };
		D339F46B1927AE5600C79A51 /* AUTHORS */ = {isa = PBXFileReference; lastKnownFileType = text; path = AUTHORS; sourceTree = "<group>"; };
		D339F46C1927AE5600C79A51 /* autogen.sh */ = {isa = PBXFileReference; lastKnownFileType = text.script.sh; path = autogen.sh; sourceTree = "<group>"; };
		D339F46D1927AE5600C79A51 /* bakefile */ = {isa = PBXFileReference; lastKnownFileType = folder; path = bakefile; sourceTree = "<group>"; };
		D339F46E1927AE5600C79A51 /* buf.c */ = {isa = PBXFileReference; lastKnownFileType = sourcecode.c.c; path = buf.c; sourceTree = "<group>"; };
		D339F46F1927AE5600C79A51 /* buf.h */ = {isa = PBXFileReference; lastKnownFileType = sourcecode.c.h; path = buf.h; sourceTree = "<group>"; };
		D339F4701927AE5600C79A51 /* build_glob.py */ = {isa = PBXFileReference; lastKnownFileType = text.script.python; path = build_glob.py; sourceTree = "<group>"; };
		D339F4711927AE5600C79A51 /* c14n.c */ = {isa = PBXFileReference; lastKnownFileType = sourcecode.c.c; path = c14n.c; sourceTree = "<group>"; };
		D339F4721927AE5600C79A51 /* catalog.c */ = {isa = PBXFileReference; lastKnownFileType = sourcecode.c.c; path = catalog.c; sourceTree = "<group>"; };
		D339F4731927AE5600C79A51 /* ChangeLog */ = {isa = PBXFileReference; lastKnownFileType = text; path = ChangeLog; sourceTree = "<group>"; };
		D339F4741927AE5600C79A51 /* check-relaxng-test-suite.py */ = {isa = PBXFileReference; lastKnownFileType = text.script.python; path = "check-relaxng-test-suite.py"; sourceTree = "<group>"; };
		D339F4751927AE5600C79A51 /* check-relaxng-test-suite2.py */ = {isa = PBXFileReference; lastKnownFileType = text.script.python; path = "check-relaxng-test-suite2.py"; sourceTree = "<group>"; };
		D339F4761927AE5600C79A51 /* check-xinclude-test-suite.py */ = {isa = PBXFileReference; lastKnownFileType = text.script.python; path = "check-xinclude-test-suite.py"; sourceTree = "<group>"; };
		D339F4771927AE5600C79A51 /* check-xml-test-suite.py */ = {isa = PBXFileReference; lastKnownFileType = text.script.python; path = "check-xml-test-suite.py"; sourceTree = "<group>"; };
		D339F4781927AE5600C79A51 /* check-xsddata-test-suite.py */ = {isa = PBXFileReference; lastKnownFileType = text.script.python; path = "check-xsddata-test-suite.py"; sourceTree = "<group>"; };
		D339F4791927AE5600C79A51 /* chvalid.c */ = {isa = PBXFileReference; lastKnownFileType = sourcecode.c.c; path = chvalid.c; sourceTree = "<group>"; };
		D339F47A1927AE5600C79A51 /* chvalid.def */ = {isa = PBXFileReference; lastKnownFileType = text; path = chvalid.def; sourceTree = "<group>"; };
		D339F47B1927AE5600C79A51 /* configure.in */ = {isa = PBXFileReference; lastKnownFileType = text; path = configure.in; sourceTree = "<group>"; };
		D339F47C1927AE5600C79A51 /* Copyright */ = {isa = PBXFileReference; lastKnownFileType = text; path = Copyright; sourceTree = "<group>"; };
		D339F47D1927AE5600C79A51 /* dbgen.pl */ = {isa = PBXFileReference; lastKnownFileType = text.script.perl; path = dbgen.pl; sourceTree = "<group>"; };
		D339F47E1927AE5600C79A51 /* dbgenattr.pl */ = {isa = PBXFileReference; lastKnownFileType = text.script.perl; path = dbgenattr.pl; sourceTree = "<group>"; };
		D339F47F1927AE5600C79A51 /* debugXML.c */ = {isa = PBXFileReference; lastKnownFileType = sourcecode.c.c; path = debugXML.c; sourceTree = "<group>"; };
		D339F4801927AE5600C79A51 /* dict.c */ = {isa = PBXFileReference; lastKnownFileType = sourcecode.c.c; path = dict.c; sourceTree = "<group>"; };
		D339F4811927AE5600C79A51 /* doc */ = {isa = PBXFileReference; lastKnownFileType = folder; path = doc; sourceTree = "<group>"; };
		D339F4821927AE5600C79A51 /* DOCBparser.c */ = {isa = PBXFileReference; lastKnownFileType = sourcecode.c.c; path = DOCBparser.c; sourceTree = "<group>"; };
		D339F4831927AE5600C79A51 /* elfgcchack.h */ = {isa = PBXFileReference; lastKnownFileType = sourcecode.c.h; path = elfgcchack.h; sourceTree = "<group>"; };
		D339F4841927AE5600C79A51 /* enc.h */ = {isa = PBXFileReference; lastKnownFileType = sourcecode.c.h; path = enc.h; sourceTree = "<group>"; };
		D339F4851927AE5600C79A51 /* encoding.c */ = {isa = PBXFileReference; lastKnownFileType = sourcecode.c.c; path = encoding.c; sourceTree = "<group>"; };
		D339F4861927AE5600C79A51 /* entities.c */ = {isa = PBXFileReference; lastKnownFileType = sourcecode.c.c; path = entities.c; sourceTree = "<group>"; };
		D339F4871927AE5600C79A51 /* error.c */ = {isa = PBXFileReference; lastKnownFileType = sourcecode.c.c; path = error.c; sourceTree = "<group>"; };
		D339F4881927AE5600C79A51 /* example */ = {isa = PBXFileReference; lastKnownFileType = folder; path = example; sourceTree = "<group>"; };
		D339F4891927AE5600C79A51 /* genChRanges.py */ = {isa = PBXFileReference; lastKnownFileType = text.script.python; path = genChRanges.py; sourceTree = "<group>"; };
		D339F48A1927AE5600C79A51 /* gentest.py */ = {isa = PBXFileReference; lastKnownFileType = text.script.python; path = gentest.py; sourceTree = "<group>"; };
		D339F48B1927AE5600C79A51 /* genUnicode.py */ = {isa = PBXFileReference; lastKnownFileType = text.script.python; path = genUnicode.py; sourceTree = "<group>"; };
		D339F48C1927AE5600C79A51 /* global.data */ = {isa = PBXFileReference; lastKnownFileType = text; path = global.data; sourceTree = "<group>"; };
		D339F48D1927AE5600C79A51 /* globals.c */ = {isa = PBXFileReference; lastKnownFileType = sourcecode.c.c; path = globals.c; sourceTree = "<group>"; };
		D339F48E1927AE5600C79A51 /* HACKING */ = {isa = PBXFileReference; lastKnownFileType = text; path = HACKING; sourceTree = "<group>"; };
		D339F48F1927AE5600C79A51 /* hash.c */ = {isa = PBXFileReference; lastKnownFileType = sourcecode.c.c; path = hash.c; sourceTree = "<group>"; };
		D339F4901927AE5600C79A51 /* HTMLparser.c */ = {isa = PBXFileReference; lastKnownFileType = sourcecode.c.c; path = HTMLparser.c; sourceTree = "<group>"; };
		D339F4911927AE5600C79A51 /* HTMLtree.c */ = {isa = PBXFileReference; lastKnownFileType = sourcecode.c.c; path = HTMLtree.c; sourceTree = "<group>"; };
		D339F4921927AE5600C79A51 /* include */ = {isa = PBXFileReference; lastKnownFileType = folder; path = include; sourceTree = "<group>"; };
		D339F4931927AE5600C79A51 /* INSTALL.libxml2 */ = {isa = PBXFileReference; lastKnownFileType = text; path = INSTALL.libxml2; sourceTree = "<group>"; };
		D339F4941927AE5600C79A51 /* legacy.c */ = {isa = PBXFileReference; lastKnownFileType = sourcecode.c.c; path = legacy.c; sourceTree = "<group>"; };
		D339F4951927AE5600C79A51 /* libxml-2.0-uninstalled.pc.in */ = {isa = PBXFileReference; lastKnownFileType = text; path = "libxml-2.0-uninstalled.pc.in"; sourceTree = "<group>"; };
		D339F4961927AE5600C79A51 /* libxml-2.0.pc.in */ = {isa = PBXFileReference; lastKnownFileType = text; path = "libxml-2.0.pc.in"; sourceTree = "<group>"; };
		D339F4971927AE5600C79A51 /* libxml.3 */ = {isa = PBXFileReference; lastKnownFileType = text; path = libxml.3; sourceTree = "<group>"; };
		D339F4981927AE5600C79A51 /* libxml.h */ = {isa = PBXFileReference; lastKnownFileType = sourcecode.c.h; path = libxml.h; sourceTree = "<group>"; };
		D339F4991927AE5600C79A51 /* libxml.m4 */ = {isa = PBXFileReference; lastKnownFileType = text; path = libxml.m4; sourceTree = "<group>"; };
		D339F49A1927AE5600C79A51 /* libxml.spec.in */ = {isa = PBXFileReference; lastKnownFileType = text; path = libxml.spec.in; sourceTree = "<group>"; };
		D339F49B1927AE5600C79A51 /* libxml2-2.9.1.xcodeproj */ = {isa = PBXFileReference; lastKnownFileType = "wrapper.pb-project"; path = "libxml2-2.9.1.xcodeproj"; sourceTree = "<group>"; };
		D339F49E1927AE5600C79A51 /* libxml2.doap */ = {isa = PBXFileReference; lastKnownFileType = text; path = libxml2.doap; sourceTree = "<group>"; };
		D339F49F1927AE5600C79A51 /* libxml2.syms */ = {isa = PBXFileReference; lastKnownFileType = text; path = libxml2.syms; sourceTree = "<group>"; };
		D339F4A01927AE5600C79A51 /* list.c */ = {isa = PBXFileReference; lastKnownFileType = sourcecode.c.c; path = list.c; sourceTree = "<group>"; };
		D339F4A11927AE5600C79A51 /* macos */ = {isa = PBXFileReference; lastKnownFileType = folder; path = macos; sourceTree = "<group>"; };
		D339F4A21927AE5600C79A51 /* MAINTAINERS */ = {isa = PBXFileReference; lastKnownFileType = text; path = MAINTAINERS; sourceTree = "<group>"; };
		D339F4A31927AE5600C79A51 /* Makefile.am */ = {isa = PBXFileReference; lastKnownFileType = text; path = Makefile.am; sourceTree = "<group>"; };
		D339F4A41927AE5600C79A51 /* Makefile.tests */ = {isa = PBXFileReference; lastKnownFileType = text; path = Makefile.tests; sourceTree = "<group>"; };
		D339F4A51927AE5600C79A51 /* Makefile.win */ = {isa = PBXFileReference; lastKnownFileType = text; path = Makefile.win; sourceTree = "<group>"; };
		D339F4A61927AE5600C79A51 /* nanoftp.c */ = {isa = PBXFileReference; lastKnownFileType = sourcecode.c.c; path = nanoftp.c; sourceTree = "<group>"; };
		D339F4A71927AE5600C79A51 /* nanohttp.c */ = {isa = PBXFileReference; lastKnownFileType = sourcecode.c.c; path = nanohttp.c; sourceTree = "<group>"; };
		D339F4A81927AE5600C79A51 /* NEWS */ = {isa = PBXFileReference; lastKnownFileType = text; path = NEWS; sourceTree = "<group>"; };
		D339F4A91927AE5600C79A51 /* optim */ = {isa = PBXFileReference; lastKnownFileType = folder; path = optim; sourceTree = "<group>"; };
		D339F4AA1927AE5600C79A51 /* parser.c */ = {isa = PBXFileReference; lastKnownFileType = sourcecode.c.c; path = parser.c; sourceTree = "<group>"; };
		D339F4AB1927AE5600C79A51 /* parserInternals.c */ = {isa = PBXFileReference; lastKnownFileType = sourcecode.c.c; path = parserInternals.c; sourceTree = "<group>"; };
		D339F4AC1927AE5600C79A51 /* pattern.c */ = {isa = PBXFileReference; lastKnownFileType = sourcecode.c.c; path = pattern.c; sourceTree = "<group>"; };
		D339F4AD1927AE5600C79A51 /* python */ = {isa = PBXFileReference; lastKnownFileType = folder; path = python; sourceTree = "<group>"; };
		D339F4AE1927AE5600C79A51 /* README */ = {isa = PBXFileReference; lastKnownFileType = text; path = README; sourceTree = "<group>"; };
		D339F4AF1927AE5600C79A51 /* README.cvs-commits */ = {isa = PBXFileReference; lastKnownFileType = text; path = "README.cvs-commits"; sourceTree = "<group>"; };
		D339F4B01927AE5600C79A51 /* README.tests */ = {isa = PBXFileReference; lastKnownFileType = text; path = README.tests; sourceTree = "<group>"; };
		D339F4B11927AE5600C79A51 /* regressions.py */ = {isa = PBXFileReference; lastKnownFileType = text.script.python; path = regressions.py; sourceTree = "<group>"; };
		D339F4B21927AE5600C79A51 /* regressions.xml */ = {isa = PBXFileReference; lastKnownFileType = text.xml; path = regressions.xml; sourceTree = "<group>"; };
		D339F4B31927AE5600C79A51 /* relaxng.c */ = {isa = PBXFileReference; lastKnownFileType = sourcecode.c.c; path = relaxng.c; sourceTree = "<group>"; };
		D339F4B41927AE5600C79A51 /* result */ = {isa = PBXFileReference; lastKnownFileType = folder; path = result; sourceTree = "<group>"; };
		D339F4B51927AE5600C79A51 /* rngparser.c */ = {isa = PBXFileReference; lastKnownFileType = sourcecode.c.c; path = rngparser.c; sourceTree = "<group>"; };
		D339F4B61927AE5600C79A51 /* runsuite.c */ = {isa = PBXFileReference; lastKnownFileType = sourcecode.c.c; path = runsuite.c; sourceTree = "<group>"; };
		D339F4B71927AE5600C79A51 /* runtest.c */ = {isa = PBXFileReference; lastKnownFileType = sourcecode.c.c; path = runtest.c; sourceTree = "<group>"; };
		D339F4B81927AE5600C79A51 /* runxmlconf.c */ = {isa = PBXFileReference; lastKnownFileType = sourcecode.c.c; path = runxmlconf.c; sourceTree = "<group>"; };
		D339F4B91927AE5600C79A51 /* save.h */ = {isa = PBXFileReference; lastKnownFileType = sourcecode.c.h; path = save.h; sourceTree = "<group>"; };
		D339F4BA1927AE5600C79A51 /* SAX.c */ = {isa = PBXFileReference; lastKnownFileType = sourcecode.c.c; path = SAX.c; sourceTree = "<group>"; };
		D339F4BB1927AE5600C79A51 /* SAX2.c */ = {isa = PBXFileReference; lastKnownFileType = sourcecode.c.c; path = SAX2.c; sourceTree = "<group>"; };
		D339F4BC1927AE5600C79A51 /* schematron.c */ = {isa = PBXFileReference; lastKnownFileType = sourcecode.c.c; path = schematron.c; sourceTree = "<group>"; };
		D339F4BD1927AE5600C79A51 /* test */ = {isa = PBXFileReference; lastKnownFileType = folder; path = test; sourceTree = "<group>"; };
		D339F4BE1927AE5600C79A51 /* testapi.c */ = {isa = PBXFileReference; lastKnownFileType = sourcecode.c.c; path = testapi.c; sourceTree = "<group>"; };
		D339F4BF1927AE5600C79A51 /* testAutomata.c */ = {isa = PBXFileReference; lastKnownFileType = sourcecode.c.c; path = testAutomata.c; sourceTree = "<group>"; };
		D339F4C01927AE5600C79A51 /* testC14N.c */ = {isa = PBXFileReference; lastKnownFileType = sourcecode.c.c; path = testC14N.c; sourceTree = "<group>"; };
		D339F4C11927AE5600C79A51 /* testchar.c */ = {isa = PBXFileReference; lastKnownFileType = sourcecode.c.c; path = testchar.c; sourceTree = "<group>"; };
		D339F4C21927AE5600C79A51 /* testdict.c */ = {isa = PBXFileReference; lastKnownFileType = sourcecode.c.c; path = testdict.c; sourceTree = "<group>"; };
		D339F4C31927AE5600C79A51 /* testdso.c */ = {isa = PBXFileReference; lastKnownFileType = sourcecode.c.c; path = testdso.c; sourceTree = "<group>"; };
		D339F4C41927AE5600C79A51 /* testHTML.c */ = {isa = PBXFileReference; lastKnownFileType = sourcecode.c.c; path = testHTML.c; sourceTree = "<group>"; };
		D339F4C51927AE5600C79A51 /* testlimits.c */ = {isa = PBXFileReference; lastKnownFileType = sourcecode.c.c; path = testlimits.c; sourceTree = "<group>"; };
		D339F4C61927AE5600C79A51 /* testModule.c */ = {isa = PBXFileReference; lastKnownFileType = sourcecode.c.c; path = testModule.c; sourceTree = "<group>"; };
		D339F4C71927AE5600C79A51 /* testOOM.c */ = {isa = PBXFileReference; lastKnownFileType = sourcecode.c.c; path = testOOM.c; sourceTree = "<group>"; };
		D339F4C81927AE5600C79A51 /* testOOMlib.c */ = {isa = PBXFileReference; lastKnownFileType = sourcecode.c.c; path = testOOMlib.c; sourceTree = "<group>"; };
		D339F4C91927AE5600C79A51 /* testOOMlib.h */ = {isa = PBXFileReference; lastKnownFileType = sourcecode.c.h; path = testOOMlib.h; sourceTree = "<group>"; };
		D339F4CA1927AE5600C79A51 /* testReader.c */ = {isa = PBXFileReference; lastKnownFileType = sourcecode.c.c; path = testReader.c; sourceTree = "<group>"; };
		D339F4CB1927AE5600C79A51 /* testrecurse.c */ = {isa = PBXFileReference; lastKnownFileType = sourcecode.c.c; path = testrecurse.c; sourceTree = "<group>"; };
		D339F4CC1927AE5600C79A51 /* testRegexp.c */ = {isa = PBXFileReference; lastKnownFileType = sourcecode.c.c; path = testRegexp.c; sourceTree = "<group>"; };
		D339F4CD1927AE5600C79A51 /* testRelax.c */ = {isa = PBXFileReference; lastKnownFileType = sourcecode.c.c; path = testRelax.c; sourceTree = "<group>"; };
		D339F4CE1927AE5600C79A51 /* testSAX.c */ = {isa = PBXFileReference; lastKnownFileType = sourcecode.c.c; path = testSAX.c; sourceTree = "<group>"; };
		D339F4CF1927AE5600C79A51 /* testSchemas.c */ = {isa = PBXFileReference; lastKnownFileType = sourcecode.c.c; path = testSchemas.c; sourceTree = "<group>"; };
		D339F4D01927AE5600C79A51 /* testThreads.c */ = {isa = PBXFileReference; lastKnownFileType = sourcecode.c.c; path = testThreads.c; sourceTree = "<group>"; };
		D339F4D11927AE5600C79A51 /* testThreadsWin32.c */ = {isa = PBXFileReference; lastKnownFileType = sourcecode.c.c; path = testThreadsWin32.c; sourceTree = "<group>"; };
		D339F4D21927AE5600C79A51 /* testURI.c */ = {isa = PBXFileReference; lastKnownFileType = sourcecode.c.c; path = testURI.c; sourceTree = "<group>"; };
		D339F4D31927AE5600C79A51 /* testXPath.c */ = {isa = PBXFileReference; lastKnownFileType = sourcecode.c.c; path = testXPath.c; sourceTree = "<group>"; };
		D339F4D41927AE5600C79A51 /* threads.c */ = {isa = PBXFileReference; lastKnownFileType = sourcecode.c.c; path = threads.c; sourceTree = "<group>"; };
		D339F4D51927AE5600C79A51 /* timsort.h */ = {isa = PBXFileReference; lastKnownFileType = sourcecode.c.h; path = timsort.h; sourceTree = "<group>"; };
		D339F4D61927AE5600C79A51 /* TODO */ = {isa = PBXFileReference; lastKnownFileType = text; path = TODO; sourceTree = "<group>"; };
		D339F4D71927AE5600C79A51 /* TODO_SCHEMAS */ = {isa = PBXFileReference; lastKnownFileType = text; path = TODO_SCHEMAS; sourceTree = "<group>"; };
		D339F4D81927AE5600C79A51 /* tree.c */ = {isa = PBXFileReference; lastKnownFileType = sourcecode.c.c; path = tree.c; sourceTree = "<group>"; };
		D339F4D91927AE5600C79A51 /* trio.c */ = {isa = PBXFileReference; lastKnownFileType = sourcecode.c.c; path = trio.c; sourceTree = "<group>"; };
		D339F4DA1927AE5600C79A51 /* trio.h */ = {isa = PBXFileReference; lastKnownFileType = sourcecode.c.h; path = trio.h; sourceTree = "<group>"; };
		D339F4DB1927AE5600C79A51 /* triodef.h */ = {isa = PBXFileReference; lastKnownFileType = sourcecode.c.h; path = triodef.h; sourceTree = "<group>"; };
		D339F4DC1927AE5600C79A51 /* trionan.c */ = {isa = PBXFileReference; lastKnownFileType = sourcecode.c.c; path = trionan.c; sourceTree = "<group>"; };
		D339F4DD1927AE5600C79A51 /* trionan.h */ = {isa = PBXFileReference; lastKnownFileType = sourcecode.c.h; path = trionan.h; sourceTree = "<group>"; };
		D339F4DE1927AE5600C79A51 /* triop.h */ = {isa = PBXFileReference; lastKnownFileType = sourcecode.c.h; path = triop.h; sourceTree = "<group>"; };
		D339F4DF1927AE5600C79A51 /* triostr.c */ = {isa = PBXFileReference; lastKnownFileType = sourcecode.c.c; path = triostr.c; sourceTree = "<group>"; };
		D339F4E01927AE5600C79A51 /* triostr.h */ = {isa = PBXFileReference; lastKnownFileType = sourcecode.c.h; path = triostr.h; sourceTree = "<group>"; };
		D339F4E11927AE5600C79A51 /* uri.c */ = {isa = PBXFileReference; lastKnownFileType = sourcecode.c.c; path = uri.c; sourceTree = "<group>"; };
		D339F4E21927AE5600C79A51 /* valid.c */ = {isa = PBXFileReference; lastKnownFileType = sourcecode.c.c; path = valid.c; sourceTree = "<group>"; };
		D339F4E31927AE5600C79A51 /* vms */ = {isa = PBXFileReference; lastKnownFileType = folder; path = vms; sourceTree = "<group>"; };
		D339F4E41927AE5600C79A51 /* VxWorks */ = {isa = PBXFileReference; lastKnownFileType = folder; path = VxWorks; sourceTree = "<group>"; };
		D339F4E51927AE5600C79A51 /* win32 */ = {isa = PBXFileReference; lastKnownFileType = folder; path = win32; sourceTree = "<group>"; };
		D339F4E61927AE5600C79A51 /* xinclude.c */ = {isa = PBXFileReference; lastKnownFileType = sourcecode.c.c; path = xinclude.c; sourceTree = "<group>"; };
		D339F4E71927AE5600C79A51 /* xlink.c */ = {isa = PBXFileReference; lastKnownFileType = sourcecode.c.c; path = xlink.c; sourceTree = "<group>"; };
		D339F4E81927AE5600C79A51 /* xml2-config.1 */ = {isa = PBXFileReference; lastKnownFileType = text.man; path = "xml2-config.1"; sourceTree = "<group>"; };
		D339F4E91927AE5600C79A51 /* xml2-config.in */ = {isa = PBXFileReference; lastKnownFileType = text.script.sh; path = "xml2-config.in"; sourceTree = "<group>"; };
		D339F4EA1927AE5600C79A51 /* xml2Conf.sh.in */ = {isa = PBXFileReference; lastKnownFileType = text; path = xml2Conf.sh.in; sourceTree = "<group>"; };
		D339F4EB1927AE5600C79A51 /* xmlcatalog.c */ = {isa = PBXFileReference; lastKnownFileType = sourcecode.c.c; path = xmlcatalog.c; sourceTree = "<group>"; };
		D339F4EC1927AE5600C79A51 /* xmlIO.c */ = {isa = PBXFileReference; lastKnownFileType = sourcecode.c.c; path = xmlIO.c; sourceTree = "<group>"; };
		D339F4ED1927AE5600C79A51 /* xmllint.c */ = {isa = PBXFileReference; lastKnownFileType = sourcecode.c.c; path = xmllint.c; sourceTree = "<group>"; };
		D339F4EE1927AE5600C79A51 /* xmlmemory.c */ = {isa = PBXFileReference; lastKnownFileType = sourcecode.c.c; path = xmlmemory.c; sourceTree = "<group>"; };
		D339F4EF1927AE5600C79A51 /* xmlmodule.c */ = {isa = PBXFileReference; lastKnownFileType = sourcecode.c.c; path = xmlmodule.c; sourceTree = "<group>"; };
		D339F4F01927AE5600C79A51 /* xmlreader.c */ = {isa = PBXFileReference; lastKnownFileType = sourcecode.c.c; path = xmlreader.c; sourceTree = "<group>"; };
		D339F4F11927AE5600C79A51 /* xmlregexp.c */ = {isa = PBXFileReference; lastKnownFileType = sourcecode.c.c; path = xmlregexp.c; sourceTree = "<group>"; };
		D339F4F21927AE5600C79A51 /* xmlsave.c */ = {isa = PBXFileReference; lastKnownFileType = sourcecode.c.c; path = xmlsave.c; sourceTree = "<group>"; };
		D339F4F31927AE5600C79A51 /* xmlschemas.c */ = {isa = PBXFileReference; lastKnownFileType = sourcecode.c.c; path = xmlschemas.c; sourceTree = "<group>"; };
		D339F4F41927AE5600C79A51 /* xmlschemastypes.c */ = {isa = PBXFileReference; lastKnownFileType = sourcecode.c.c; path = xmlschemastypes.c; sourceTree = "<group>"; };
		D339F4F51927AE5600C79A51 /* xmlstring.c */ = {isa = PBXFileReference; lastKnownFileType = sourcecode.c.c; path = xmlstring.c; sourceTree = "<group>"; };
		D339F4F61927AE5600C79A51 /* xmlunicode.c */ = {isa = PBXFileReference; lastKnownFileType = sourcecode.c.c; path = xmlunicode.c; sourceTree = "<group>"; };
		D339F4F71927AE5600C79A51 /* xmlwriter.c */ = {isa = PBXFileReference; lastKnownFileType = sourcecode.c.c; path = xmlwriter.c; sourceTree = "<group>"; };
		D339F4F81927AE5600C79A51 /* xpath.c */ = {isa = PBXFileReference; lastKnownFileType = sourcecode.c.c; path = xpath.c; sourceTree = "<group>"; };
		D339F4F91927AE5600C79A51 /* xpointer.c */ = {isa = PBXFileReference; lastKnownFileType = sourcecode.c.c; path = xpointer.c; sourceTree = "<group>"; };
		D339F4FA1927AE5600C79A51 /* xstc */ = {isa = PBXFileReference; lastKnownFileType = folder; path = xstc; sourceTree = "<group>"; };
		D339F4FB1927AE5600C79A51 /* xzlib.c */ = {isa = PBXFileReference; lastKnownFileType = sourcecode.c.c; path = xzlib.c; sourceTree = "<group>"; };
		D339F4FC1927AE5600C79A51 /* xzlib.h */ = {isa = PBXFileReference; lastKnownFileType = sourcecode.c.h; path = xzlib.h; sourceTree = "<group>"; };
/* End PBXFileReference section */

/* Begin PBXGroup section */
		D339F4631927AE5600C79A51 = {
			isa = PBXGroup;
			children = (
				D339F4691927AE5600C79A51 /* .gitignore */,
				D339F46A1927AE5600C79A51 /* acinclude.m4 */,
				D339F46B1927AE5600C79A51 /* AUTHORS */,
				D339F46C1927AE5600C79A51 /* autogen.sh */,
				D339F46D1927AE5600C79A51 /* bakefile */,
				D339F46E1927AE5600C79A51 /* buf.c */,
				D339F46F1927AE5600C79A51 /* buf.h */,
				D339F4701927AE5600C79A51 /* build_glob.py */,
				D339F4711927AE5600C79A51 /* c14n.c */,
				D339F4721927AE5600C79A51 /* catalog.c */,
				D339F4731927AE5600C79A51 /* ChangeLog */,
				D339F4741927AE5600C79A51 /* check-relaxng-test-suite.py */,
				D339F4751927AE5600C79A51 /* check-relaxng-test-suite2.py */,
				D339F4761927AE5600C79A51 /* check-xinclude-test-suite.py */,
				D339F4771927AE5600C79A51 /* check-xml-test-suite.py */,
				D339F4781927AE5600C79A51 /* check-xsddata-test-suite.py */,
				D339F4791927AE5600C79A51 /* chvalid.c */,
				D339F47A1927AE5600C79A51 /* chvalid.def */,
				D339F47B1927AE5600C79A51 /* configure.in */,
				D339F47C1927AE5600C79A51 /* Copyright */,
				D339F47D1927AE5600C79A51 /* dbgen.pl */,
				D339F47E1927AE5600C79A51 /* dbgenattr.pl */,
				D339F47F1927AE5600C79A51 /* debugXML.c */,
				D339F4801927AE5600C79A51 /* dict.c */,
				D339F4811927AE5600C79A51 /* doc */,
				D339F4821927AE5600C79A51 /* DOCBparser.c */,
				D339F4831927AE5600C79A51 /* elfgcchack.h */,
				D339F4841927AE5600C79A51 /* enc.h */,
				D339F4851927AE5600C79A51 /* encoding.c */,
				D339F4861927AE5600C79A51 /* entities.c */,
				D339F4871927AE5600C79A51 /* error.c */,
				D339F4881927AE5600C79A51 /* example */,
				D339F4891927AE5600C79A51 /* genChRanges.py */,
				D339F48A1927AE5600C79A51 /* gentest.py */,
				D339F48B1927AE5600C79A51 /* genUnicode.py */,
				D339F48C1927AE5600C79A51 /* global.data */,
				D339F48D1927AE5600C79A51 /* globals.c */,
				D339F48E1927AE5600C79A51 /* HACKING */,
				D339F48F1927AE5600C79A51 /* hash.c */,
				D339F4901927AE5600C79A51 /* HTMLparser.c */,
				D339F4911927AE5600C79A51 /* HTMLtree.c */,
				D339F4921927AE5600C79A51 /* include */,
				D339F4931927AE5600C79A51 /* INSTALL.libxml2 */,
				D339F4941927AE5600C79A51 /* legacy.c */,
				D339F4951927AE5600C79A51 /* libxml-2.0-uninstalled.pc.in */,
				D339F4961927AE5600C79A51 /* libxml-2.0.pc.in */,
				D339F4971927AE5600C79A51 /* libxml.3 */,
				D339F4981927AE5600C79A51 /* libxml.h */,
				D339F4991927AE5600C79A51 /* libxml.m4 */,
				D339F49A1927AE5600C79A51 /* libxml.spec.in */,
				D339F49B1927AE5600C79A51 /* libxml2-2.9.1.xcodeproj */,
				D339F49E1927AE5600C79A51 /* libxml2.doap */,
				D339F49F1927AE5600C79A51 /* libxml2.syms */,
				D339F4A01927AE5600C79A51 /* list.c */,
				D339F4A11927AE5600C79A51 /* macos */,
				D339F4A21927AE5600C79A51 /* MAINTAINERS */,
				D339F4A31927AE5600C79A51 /* Makefile.am */,
				D339F4A41927AE5600C79A51 /* Makefile.tests */,
				D339F4A51927AE5600C79A51 /* Makefile.win */,
				D339F4A61927AE5600C79A51 /* nanoftp.c */,
				D339F4A71927AE5600C79A51 /* nanohttp.c */,
				D339F4A81927AE5600C79A51 /* NEWS */,
				D339F4A91927AE5600C79A51 /* optim */,
				D339F4AA1927AE5600C79A51 /* parser.c */,
				D339F4AB1927AE5600C79A51 /* parserInternals.c */,
				D339F4AC1927AE5600C79A51 /* pattern.c */,
				D339F4AD1927AE5600C79A51 /* python */,
				D339F4AE1927AE5600C79A51 /* README */,
				D339F4AF1927AE5600C79A51 /* README.cvs-commits */,
				D339F4B01927AE5600C79A51 /* README.tests */,
				D339F4B11927AE5600C79A51 /* regressions.py */,
				D339F4B21927AE5600C79A51 /* regressions.xml */,
				D339F4B31927AE5600C79A51 /* relaxng.c */,
				D339F4B41927AE5600C79A51 /* result */,
				D339F4B51927AE5600C79A51 /* rngparser.c */,
				D339F4B61927AE5600C79A51 /* runsuite.c */,
				D339F4B71927AE5600C79A51 /* runtest.c */,
				D339F4B81927AE5600C79A51 /* runxmlconf.c */,
				D339F4B91927AE5600C79A51 /* save.h */,
				D339F4BA1927AE5600C79A51 /* SAX.c */,
				D339F4BB1927AE5600C79A51 /* SAX2.c */,
				D339F4BC1927AE5600C79A51 /* schematron.c */,
				D339F4BD1927AE5600C79A51 /* test */,
				D339F4BE1927AE5600C79A51 /* testapi.c */,
				D339F4BF1927AE5600C79A51 /* testAutomata.c */,
				D339F4C01927AE5600C79A51 /* testC14N.c */,
				D339F4C11927AE5600C79A51 /* testchar.c */,
				D339F4C21927AE5600C79A51 /* testdict.c */,
				D339F4C31927AE5600C79A51 /* testdso.c */,
				D339F4C41927AE5600C79A51 /* testHTML.c */,
				D339F4C51927AE5600C79A51 /* testlimits.c */,
				D339F4C61927AE5600C79A51 /* testModule.c */,
				D339F4C71927AE5600C79A51 /* testOOM.c */,
				D339F4C81927AE5600C79A51 /* testOOMlib.c */,
				D339F4C91927AE5600C79A51 /* testOOMlib.h */,
				D339F4CA1927AE5600C79A51 /* testReader.c */,
				D339F4CB1927AE5600C79A51 /* testrecurse.c */,
				D339F4CC1927AE5600C79A51 /* testRegexp.c */,
				D339F4CD1927AE5600C79A51 /* testRelax.c */,
				D339F4CE1927AE5600C79A51 /* testSAX.c */,
				D339F4CF1927AE5600C79A51 /* testSchemas.c */,
				D339F4D01927AE5600C79A51 /* testThreads.c */,
				D339F4D11927AE5600C79A51 /* testThreadsWin32.c */,
				D339F4D21927AE5600C79A51 /* testURI.c */,
				D339F4D31927AE5600C79A51 /* testXPath.c */,
				D339F4D41927AE5600C79A51 /* threads.c */,
				D339F4D51927AE5600C79A51 /* timsort.h */,
				D339F4D61927AE5600C79A51 /* TODO */,
				D339F4D71927AE5600C79A51 /* TODO_SCHEMAS */,
				D339F4D81927AE5600C79A51 /* tree.c */,
				D339F4D91927AE5600C79A51 /* trio.c */,
				D339F4DA1927AE5600C79A51 /* trio.h */,
				D339F4DB1927AE5600C79A51 /* triodef.h */,
				D339F4DC1927AE5600C79A51 /* trionan.c */,
				D339F4DD1927AE5600C79A51 /* trionan.h */,
				D339F4DE1927AE5600C79A51 /* triop.h */,
				D339F4DF1927AE5600C79A51 /* triostr.c */,
				D339F4E01927AE5600C79A51 /* triostr.h */,
				D339F4E11927AE5600C79A51 /* uri.c */,
				D339F4E21927AE5600C79A51 /* valid.c */,
				D339F4E31927AE5600C79A51 /* vms */,
				D339F4E41927AE5600C79A51 /* VxWorks */,
				D339F4E51927AE5600C79A51 /* win32 */,
				D339F4E61927AE5600C79A51 /* xinclude.c */,
				D339F4E71927AE5600C79A51 /* xlink.c */,
				D339F4E81927AE5600C79A51 /* xml2-config.1 */,
				D339F4E91927AE5600C79A51 /* xml2-config.in */,
				D339F4EA1927AE5600C79A51 /* xml2Conf.sh.in */,
				D339F4EB1927AE5600C79A51 /* xmlcatalog.c */,
				D339F4EC1927AE5600C79A51 /* xmlIO.c */,
				D339F4ED1927AE5600C79A51 /* xmllint.c */,
				D339F4EE1927AE5600C79A51 /* xmlmemory.c */,
				D339F4EF1927AE5600C79A51 /* xmlmodule.c */,
				D339F4F01927AE5600C79A51 /* xmlreader.c */,
				D339F4F11927AE5600C79A51 /* xmlregexp.c */,
				D339F4F21927AE5600C79A51 /* xmlsave.c */,
				D339F4F31927AE5600C79A51 /* xmlschemas.c */,
				D339F4F41927AE5600C79A51 /* xmlschemastypes.c */,
				D339F4F51927AE5600C79A51 /* xmlstring.c */,
				D339F4F61927AE5600C79A51 /* xmlunicode.c */,
				D339F4F71927AE5600C79A51 /* xmlwriter.c */,
				D339F4F81927AE5600C79A51 /* xpath.c */,
				D339F4F91927AE5600C79A51 /* xpointer.c */,
				D339F4FA1927AE5600C79A51 /* xstc */,
				D339F4FB1927AE5600C79A51 /* xzlib.c */,
				D339F4FC1927AE5600C79A51 /* xzlib.h */,
			);
			sourceTree = "<group>";
		};
		D339F49C1927AE5600C79A51 /* Products */ = {
			isa = PBXGroup;
			children = (
			);
			name = Products;
			sourceTree = "<group>";
		};
/* End PBXGroup section */

/* Begin PBXLegacyTarget section */
		D339F4681927AE5600C79A51 /* libxml2-2.9.1 */ = {
			isa = PBXLegacyTarget;
			buildArgumentsString = "$(ACTION)";
			buildConfigurationList = D339F4FE1927AE5600C79A51 /* Build configuration list for PBXLegacyTarget "libxml2-2.9.1" */;
			buildPhases = (
			);
			buildToolPath = /usr/bin/make;
			buildWorkingDirectory = "/Users/itod/work/github/panthro/lib/libxml2-2.9.1";
			dependencies = (
			);
			name = "libxml2-2.9.1";
			passBuildSettingsInEnvironment = 1;
			productName = "libxml2-2.9.1";
		};
/* End PBXLegacyTarget section */

/* Begin PBXProject section */
		D339F4641927AE5600C79A51 /* Project object */ = {
			isa = PBXProject;
			attributes = {
			};
			buildConfigurationList = D339F4671927AE5600C79A51 /* Build configuration list for PBXProject "libxml2-2.9.1 2" */;
			compatibilityVersion = "Xcode 3.2";
			developmentRegion = English;
			hasScannedForEncodings = 0;
			knownRegions = (
				en,
			);
			mainGroup = D339F4631927AE5600C79A51;
			projectDirPath = "";
			projectReferences = (
				{
					ProductGroup = D339F49C1927AE5600C79A51 /* Products */;
					ProjectRef = D339F49B1927AE5600C79A51 /* libxml2-2.9.1.xcodeproj */;
				},
			);
			projectRoot = "";
			targets = (
				D339F4681927AE5600C79A51 /* libxml2-2.9.1 */,
			);
		};
/* End PBXProject section */

/* Begin XCBuildConfiguration section */
		D339F4651927AE5600C79A51 /* Debug */ = {
			isa = XCBuildConfiguration;
			buildSettings = {
				ARCHS = "$(ARCHS_STANDARD_32_BIT)";
				COPY_PHASE_STRIP = NO;
				GCC_WARN_ABOUT_RETURN_TYPE = YES;
				GCC_WARN_UNUSED_VARIABLE = YES;
				ONLY_ACTIVE_ARCH = YES;
				SDKROOT = macosx10.6;
			};
			name = Debug;
		};
		D339F4661927AE5600C79A51 /* Release */ = {
			isa = XCBuildConfiguration;
			buildSettings = {
				ARCHS = "$(ARCHS_STANDARD_32_BIT)";
				COPY_PHASE_STRIP = YES;
				GCC_WARN_ABOUT_RETURN_TYPE = YES;
				GCC_WARN_UNUSED_VARIABLE = YES;
				SDKROOT = macosx10.6;
			};
			name = Release;
		};
		D339F4FF1927AE5600C79A51 /* Debug */ = {
			isa = XCBuildConfiguration;
			buildSettings = {
				COPY_PHASE_STRIP = NO;
				DEBUGGING_SYMBOLS = YES;
				GCC_DYNAMIC_NO_PIC = NO;
				GCC_ENABLE_FIX_AND_CONTINUE = YES;
				GCC_GENERATE_DEBUGGING_SYMBOLS = YES;
				GCC_OPTIMIZATION_LEVEL = 0;
				OTHER_CFLAGS = "";
				OTHER_LDFLAGS = "";
				PRODUCT_NAME = "libxml2-2.9.1";
			};
			name = Debug;
		};
		D339F5001927AE5600C79A51 /* Release */ = {
			isa = XCBuildConfiguration;
			buildSettings = {
				COPY_PHASE_STRIP = YES;
				DEBUG_INFORMATION_FORMAT = "dwarf-with-dsym";
				GCC_ENABLE_FIX_AND_CONTINUE = NO;
				OTHER_CFLAGS = "";
				OTHER_LDFLAGS = "";
				PRODUCT_NAME = "libxml2-2.9.1";
			};
			name = Release;
		};
/* End XCBuildConfiguration section */

/* Begin XCConfigurationList section */
		D339F4671927AE5600C79A51 /* Build configuration list for PBXProject "libxml2-2.9.1 2" */ = {
			isa = XCConfigurationList;
			buildConfigurations = (
				D339F4651927AE5600C79A51 /* Debug */,
				D339F4661927AE5600C79A51 /* Release */,
			);
			defaultConfigurationIsVisible = 0;
			defaultConfigurationName = Release;
		};
		D339F4FE1927AE5600C79A51 /* Build configuration list for PBXLegacyTarget "libxml2-2.9.1" */ = {
			isa = XCConfigurationList;
			buildConfigurations = (
				D339F4FF1927AE5600C79A51 /* Debug */,
				D339F5001927AE5600C79A51 /* Release */,
			);
			defaultConfigurationIsVisible = 0;
			defaultConfigurationName = Release;
		};
/* End XCConfigurationList section */
	};
	rootObject = D339F4641927AE5600C79A51 /* Project object */;
}
