// !$*UTF8*$!
{
	archiveVersion = 1;
	classes = {
	};
	objectVersion = 46;
	objects = {

/* Begin PBXBuildFile section */
		8DC2EF530486A6940098B216 /* InfoPlist.strings in Resources */ = {isa = PBXBuildFile; fileRef = 089C1666FE841158C02AAC07 /* InfoPlist.strings */; };
		D3010D70141F2E4B0034B801 /* XPDoubleComparer.m in Sources */ = {isa = PBXBuildFile; fileRef = D3010D6F141F2E4B0034B801 /* XPDoubleComparer.m */; };
		D3010D72141F2E5E0034B801 /* XPDoubleComparer.h in Headers */ = {isa = PBXBuildFile; fileRef = D3010D71141F2E5E0034B801 /* XPDoubleComparer.h */; };
		D312AE7A103A6A290098934C /* XPComparer.m in Sources */ = {isa = PBXBuildFile; fileRef = D312AE78103A6A290098934C /* XPComparer.m */; };
		D312AE7F103A6C700098934C /* XPDescendingComparer.m in Sources */ = {isa = PBXBuildFile; fileRef = D312AE7D103A6C700098934C /* XPDescendingComparer.m */; };
		D3172237190D8FE6005C633B /* XPEqualityExprTest.m in Sources */ = {isa = PBXBuildFile; fileRef = D3172236190D8FE6005C633B /* XPEqualityExprTest.m */; };
		D317223F190DAAD9005C633B /* XPNSXMLNodeImpl.h in Headers */ = {isa = PBXBuildFile; fileRef = D317223D190DAAD9005C633B /* XPNSXMLNodeImpl.h */; };
		D3172240190DAAD9005C633B /* XPNSXMLNodeImpl.m in Sources */ = {isa = PBXBuildFile; fileRef = D317223E190DAAD9005C633B /* XPNSXMLNodeImpl.m */; };
		D3363817100C6E0400AC4B51 /* XPNodeSetValue.m in Sources */ = {isa = PBXBuildFile; fileRef = D3363815100C6E0400AC4B51 /* XPNodeSetValue.m */; };
		D336381C100C6E2800AC4B51 /* XPNumericValue.m in Sources */ = {isa = PBXBuildFile; fileRef = D336381A100C6E2800AC4B51 /* XPNumericValue.m */; };
		D3363820100C6E4400AC4B51 /* XPStringValue.m in Sources */ = {isa = PBXBuildFile; fileRef = D336381E100C6E4400AC4B51 /* XPStringValue.m */; };
		D3363941100D7EB400AC4B51 /* XPSingletonNodeSet.m in Sources */ = {isa = PBXBuildFile; fileRef = D336393F100D7EB400AC4B51 /* XPSingletonNodeSet.m */; };
		D3363956100D813500AC4B51 /* XPObjectValue.m in Sources */ = {isa = PBXBuildFile; fileRef = D3363954100D813500AC4B51 /* XPObjectValue.m */; };
		D33639D9100DAB5700AC4B51 /* XPBooleanValueTest.m in Sources */ = {isa = PBXBuildFile; fileRef = D33639D8100DAB5700AC4B51 /* XPBooleanValueTest.m */; };
		D33639E4100DACDF00AC4B51 /* XPath.framework in Frameworks */ = {isa = PBXBuildFile; fileRef = 8DC2EF5B0486A6940098B216 /* XPath.framework */; };
		D33639F6100DB15700AC4B51 /* XPValueTest.m in Sources */ = {isa = PBXBuildFile; fileRef = D33639F5100DB15700AC4B51 /* XPValueTest.m */; };
		D3366B04188051D6008C4144 /* XPEGParserStepTest.m in Sources */ = {isa = PBXBuildFile; fileRef = D3366B03188051D6008C4144 /* XPEGParserStepTest.m */; };
		D33E9F831916E0E000BB7DFE /* XPStandaloneContext.h in Headers */ = {isa = PBXBuildFile; fileRef = D33E9F811916E0E000BB7DFE /* XPStandaloneContext.h */; };
		D33E9F841916E0E000BB7DFE /* XPStandaloneContext.m in Sources */ = {isa = PBXBuildFile; fileRef = D33E9F821916E0E000BB7DFE /* XPStandaloneContext.m */; };
		D33E9F8C1916E60C00BB7DFE /* XPUtils.m in Sources */ = {isa = PBXBuildFile; fileRef = D33E9F8A1916E60C00BB7DFE /* XPUtils.m */; };
		D33E9F8E1916E61900BB7DFE /* XPUtils.h in Headers */ = {isa = PBXBuildFile; fileRef = D33E9F8D1916E61900BB7DFE /* XPUtils.h */; settings = {ATTRIBUTES = (Public, ); }; };
		D34BADF5100ABA7C00996341 /* XPBooleanValue.m in Sources */ = {isa = PBXBuildFile; fileRef = D34BADF3100ABA7C00996341 /* XPBooleanValue.m */; };
		D34BADF9100ABA9300996341 /* XPValue.m in Sources */ = {isa = PBXBuildFile; fileRef = D34BADF7100ABA9300996341 /* XPValue.m */; };
		D36BC02B101BF50C00D1A6C7 /* XPNodeSetIntent.m in Sources */ = {isa = PBXBuildFile; fileRef = D36BC02A101BF50C00D1A6C7 /* XPNodeSetIntent.m */; };
		D36BC032101BF52F00D1A6C7 /* XPNodeSetExpression.m in Sources */ = {isa = PBXBuildFile; fileRef = D36BC02E101BF52F00D1A6C7 /* XPNodeSetExpression.m */; };
		D36BC033101BF52F00D1A6C7 /* XPNodeSetExtent.m in Sources */ = {isa = PBXBuildFile; fileRef = D36BC02F101BF52F00D1A6C7 /* XPNodeSetExtent.m */; };
		D36BC034101BF52F00D1A6C7 /* XPParentNodeExpression.m in Sources */ = {isa = PBXBuildFile; fileRef = D36BC030101BF52F00D1A6C7 /* XPParentNodeExpression.m */; };
		D36BC035101BF52F00D1A6C7 /* XPSingletonExpression.m in Sources */ = {isa = PBXBuildFile; fileRef = D36BC031101BF52F00D1A6C7 /* XPSingletonExpression.m */; };
		D36BC05B101BF5B100D1A6C7 /* XPController.m in Sources */ = {isa = PBXBuildFile; fileRef = D36BC059101BF5B100D1A6C7 /* XPController.m */; };
		D36C6771101059CE000361A0 /* XPNumericValueTest.m in Sources */ = {isa = PBXBuildFile; fileRef = D36C6770101059CE000361A0 /* XPNumericValueTest.m */; };
		D36C678310105EBE000361A0 /* XPStringValueTest.m in Sources */ = {isa = PBXBuildFile; fileRef = D36C678210105EBE000361A0 /* XPStringValueTest.m */; };
		D36C679A10106874000361A0 /* XPRelationalExpression.m in Sources */ = {isa = PBXBuildFile; fileRef = D36C679810106874000361A0 /* XPRelationalExpression.m */; };
		D36C679E1010689A000361A0 /* XPBinaryExpression.m in Sources */ = {isa = PBXBuildFile; fileRef = D36C679C1010689A000361A0 /* XPBinaryExpression.m */; };
		D36C68131010E0FE000361A0 /* XPArithmeticExpression.m in Sources */ = {isa = PBXBuildFile; fileRef = D36C68111010E0FE000361A0 /* XPArithmeticExpression.m */; };
		D37A27E51012FFA600E936B7 /* XPBooleanExpression.m in Sources */ = {isa = PBXBuildFile; fileRef = D37A27E31012FFA600E936B7 /* XPBooleanExpression.m */; };
		D37A27F5101304EF00E936B7 /* XPBooleanExprTest.m in Sources */ = {isa = PBXBuildFile; fileRef = D37A27F4101304EF00E936B7 /* XPBooleanExprTest.m */; };
		D37A296A1013F39400E936B7 /* XPFunction.m in Sources */ = {isa = PBXBuildFile; fileRef = D37A29681013F39400E936B7 /* XPFunction.m */; };
		D37A296E1013F57D00E936B7 /* NSError+XPAdditions.m in Sources */ = {isa = PBXBuildFile; fileRef = D37A296C1013F57D00E936B7 /* NSError+XPAdditions.m */; };
		D37A299D1013F87900E936B7 /* FNNotTest.m in Sources */ = {isa = PBXBuildFile; fileRef = D37A299C1013F87900E936B7 /* FNNotTest.m */; };
		D37A29A41013F95100E936B7 /* FNNot.m in Sources */ = {isa = PBXBuildFile; fileRef = D37A29A21013F95100E936B7 /* FNNot.m */; };
		D37A2A1B1014015E00E936B7 /* FNBoolean.m in Sources */ = {isa = PBXBuildFile; fileRef = D37A2A191014015E00E936B7 /* FNBoolean.m */; };
		D37A2B98101418EC00E936B7 /* FNBooleanTest.m in Sources */ = {isa = PBXBuildFile; fileRef = D37A2B97101418EC00E936B7 /* FNBooleanTest.m */; };
		D37A2CAC10142D8E00E936B7 /* FNCeiling.m in Sources */ = {isa = PBXBuildFile; fileRef = D37A2CAA10142D8E00E936B7 /* FNCeiling.m */; };
		D37A2CDA10142EC100E936B7 /* FNCeilingTest.m in Sources */ = {isa = PBXBuildFile; fileRef = D37A2CD910142EC100E936B7 /* FNCeilingTest.m */; };
		D37A2D02101433C600E936B7 /* FNConcat.m in Sources */ = {isa = PBXBuildFile; fileRef = D37A2D00101433C600E936B7 /* FNConcat.m */; };
		D37A2D25101436CE00E936B7 /* FNConcatTest.m in Sources */ = {isa = PBXBuildFile; fileRef = D37A2D24101436CE00E936B7 /* FNConcatTest.m */; };
		D37A2D641014393D00E936B7 /* FNCount.m in Sources */ = {isa = PBXBuildFile; fileRef = D37A2D621014393D00E936B7 /* FNCount.m */; };
		D37A2E7D10156BF000E936B7 /* FNContains.m in Sources */ = {isa = PBXBuildFile; fileRef = D37A2E7B10156BF000E936B7 /* FNContains.m */; };
		D37A2EAC10156F5700E936B7 /* FNContainsTest.m in Sources */ = {isa = PBXBuildFile; fileRef = D37A2EAB10156F5700E936B7 /* FNContainsTest.m */; };
		D37A2ED71015724700E936B7 /* FNFloorTest.m in Sources */ = {isa = PBXBuildFile; fileRef = D37A2ED61015724700E936B7 /* FNFloorTest.m */; };
		D37A2F0D101574B200E936B7 /* FNFloor.m in Sources */ = {isa = PBXBuildFile; fileRef = D37A2F0B101574B200E936B7 /* FNFloor.m */; };
		D37A2F2B10157F5400E936B7 /* FNLast.m in Sources */ = {isa = PBXBuildFile; fileRef = D37A2F2910157F5400E936B7 /* FNLast.m */; };
		D37A2F3B10157F9100E936B7 /* FNPosition.m in Sources */ = {isa = PBXBuildFile; fileRef = D37A2F3910157F9100E936B7 /* FNPosition.m */; };
		D37A2F761015812800E936B7 /* XPContext.m in Sources */ = {isa = PBXBuildFile; fileRef = D37A2F741015812800E936B7 /* XPContext.m */; };
		D37A2FD810158A0600E936B7 /* FNRound.m in Sources */ = {isa = PBXBuildFile; fileRef = D37A2FD610158A0600E936B7 /* FNRound.m */; };
		D37A2FDE10158BE200E936B7 /* FNRoundTest.m in Sources */ = {isa = PBXBuildFile; fileRef = D37A2FDD10158BE200E936B7 /* FNRoundTest.m */; };
		D37A2FFD10158DA900E936B7 /* FNStartsWith.m in Sources */ = {isa = PBXBuildFile; fileRef = D37A2FFB10158DA900E936B7 /* FNStartsWith.m */; };
		D37A300110158DB300E936B7 /* FNString.m in Sources */ = {isa = PBXBuildFile; fileRef = D37A2FFF10158DB300E936B7 /* FNString.m */; };
		D37A300510158DC200E936B7 /* FNStringLength.m in Sources */ = {isa = PBXBuildFile; fileRef = D37A300310158DC200E936B7 /* FNStringLength.m */; };
		D37A300910158DD700E936B7 /* FNSubstring.m in Sources */ = {isa = PBXBuildFile; fileRef = D37A300710158DD700E936B7 /* FNSubstring.m */; };
		D37A300D10158DE500E936B7 /* FNSubstringAfter.m in Sources */ = {isa = PBXBuildFile; fileRef = D37A300B10158DE500E936B7 /* FNSubstringAfter.m */; };
		D37A301110158DEF00E936B7 /* FNSubstringBefore.m in Sources */ = {isa = PBXBuildFile; fileRef = D37A300F10158DEF00E936B7 /* FNSubstringBefore.m */; };
		D37A301510158E0100E936B7 /* FNSum.m in Sources */ = {isa = PBXBuildFile; fileRef = D37A301310158E0100E936B7 /* FNSum.m */; };
		D37A30701015952F00E936B7 /* FNEndsWith.m in Sources */ = {isa = PBXBuildFile; fileRef = D37A306E1015952F00E936B7 /* FNEndsWith.m */; };
		D37A3075101595F400E936B7 /* FNEndsWithTest.m in Sources */ = {isa = PBXBuildFile; fileRef = D37A3074101595F400E936B7 /* FNEndsWithTest.m */; };
		D37A3078101595FD00E936B7 /* FNStartsWithTest.m in Sources */ = {isa = PBXBuildFile; fileRef = D37A3077101595FD00E936B7 /* FNStartsWithTest.m */; };
		D37A30C610159A5400E936B7 /* FNStringTest.m in Sources */ = {isa = PBXBuildFile; fileRef = D37A30C510159A5400E936B7 /* FNStringTest.m */; };
		D37A311B1015A6DA00E936B7 /* FNNumber.m in Sources */ = {isa = PBXBuildFile; fileRef = D37A31191015A6DA00E936B7 /* FNNumber.m */; };
		D37A31201015A74D00E936B7 /* FNNumberTest.m in Sources */ = {isa = PBXBuildFile; fileRef = D37A311F1015A74D00E936B7 /* FNNumberTest.m */; };
		D37A31851016A34C00E936B7 /* FNStringLengthTest.m in Sources */ = {isa = PBXBuildFile; fileRef = D37A31841016A34C00E936B7 /* FNStringLengthTest.m */; };
		D37A31BF1016A7B000E936B7 /* FNSubstringTest.m in Sources */ = {isa = PBXBuildFile; fileRef = D37A31BE1016A7B000E936B7 /* FNSubstringTest.m */; };
		D37A320C1016C37400E936B7 /* FNSubstringAfterTest.m in Sources */ = {isa = PBXBuildFile; fileRef = D37A320B1016C37400E936B7 /* FNSubstringAfterTest.m */; };
		D37A320F1016C38000E936B7 /* FNSubstringBeforeTest.m in Sources */ = {isa = PBXBuildFile; fileRef = D37A320E1016C38000E936B7 /* FNSubstringBeforeTest.m */; };
		D383A316187F4E97006AE701 /* peg_xpath1_0.grammar in Resources */ = {isa = PBXBuildFile; fileRef = D383A315187F4E97006AE701 /* peg_xpath1_0.grammar */; };
		D383A31A187F6EB8006AE701 /* XPAssembler.m in Sources */ = {isa = PBXBuildFile; fileRef = D383A319187F6EB8006AE701 /* XPAssembler.m */; };
		D383A31C187F6ECB006AE701 /* XPAssembler.h in Headers */ = {isa = PBXBuildFile; fileRef = D383A31B187F6ECB006AE701 /* XPAssembler.h */; };
		D383A31F187F748E006AE701 /* XPEGParser.h in Headers */ = {isa = PBXBuildFile; fileRef = D383A31D187F748E006AE701 /* XPEGParser.h */; };
		D383A320187F748E006AE701 /* XPEGParser.m in Sources */ = {isa = PBXBuildFile; fileRef = D383A31E187F748E006AE701 /* XPEGParser.m */; };
		D383A321187F7EA5006AE701 /* XPTestScaffold.m in Sources */ = {isa = PBXBuildFile; fileRef = D33639DA100DAB8C00AC4B51 /* XPTestScaffold.m */; };
		D3A5DB45141E7BC30081FBB4 /* XPath_Prefix.pch in Headers */ = {isa = PBXBuildFile; fileRef = D3A5DB44141E7BC30081FBB4 /* XPath_Prefix.pch */; };
		D3A5DB5A141E7C270081FBB4 /* XPath.h in Headers */ = {isa = PBXBuildFile; fileRef = D3A5DB59141E7C270081FBB4 /* XPath.h */; settings = {ATTRIBUTES = (Public, ); }; };
		D3A5DB5F141E7C460081FBB4 /* XPContext.h in Headers */ = {isa = PBXBuildFile; fileRef = D3A5DB5B141E7C460081FBB4 /* XPContext.h */; settings = {ATTRIBUTES = (Public, ); }; };
		D3A5DB60141E7C460081FBB4 /* XPLastPositionFinder.h in Headers */ = {isa = PBXBuildFile; fileRef = D3A5DB5C141E7C460081FBB4 /* XPLastPositionFinder.h */; settings = {ATTRIBUTES = (Public, ); }; };
		D3A5DB61141E7C460081FBB4 /* XPNodeInfo.h in Headers */ = {isa = PBXBuildFile; fileRef = D3A5DB5D141E7C460081FBB4 /* XPNodeInfo.h */; settings = {ATTRIBUTES = (Public, ); }; };
		D3A5DB62141E7C460081FBB4 /* XPStaticContext.h in Headers */ = {isa = PBXBuildFile; fileRef = D3A5DB5E141E7C460081FBB4 /* XPStaticContext.h */; settings = {ATTRIBUTES = (Public, ); }; };
		D3A5DB64141E7C630081FBB4 /* XPController.h in Headers */ = {isa = PBXBuildFile; fileRef = D3A5DB63141E7C630081FBB4 /* XPController.h */; settings = {ATTRIBUTES = (Public, ); }; };
		D3A5DB66141E7C6B0081FBB4 /* XPNodeEnumeration.h in Headers */ = {isa = PBXBuildFile; fileRef = D3A5DB65141E7C6B0081FBB4 /* XPNodeEnumeration.h */; settings = {ATTRIBUTES = (Public, ); }; };
		D3A5DB7A141E7C870081FBB4 /* FNBoolean.h in Headers */ = {isa = PBXBuildFile; fileRef = D3A5DB67141E7C860081FBB4 /* FNBoolean.h */; settings = {ATTRIBUTES = (Public, ); }; };
		D3A5DB7B141E7C870081FBB4 /* FNCeiling.h in Headers */ = {isa = PBXBuildFile; fileRef = D3A5DB68141E7C860081FBB4 /* FNCeiling.h */; settings = {ATTRIBUTES = (Public, ); }; };
		D3A5DB7C141E7C870081FBB4 /* FNConcat.h in Headers */ = {isa = PBXBuildFile; fileRef = D3A5DB69141E7C860081FBB4 /* FNConcat.h */; settings = {ATTRIBUTES = (Public, ); }; };
		D3A5DB7D141E7C870081FBB4 /* FNContains.h in Headers */ = {isa = PBXBuildFile; fileRef = D3A5DB6A141E7C860081FBB4 /* FNContains.h */; settings = {ATTRIBUTES = (Public, ); }; };
		D3A5DB7E141E7C870081FBB4 /* FNCount.h in Headers */ = {isa = PBXBuildFile; fileRef = D3A5DB6B141E7C860081FBB4 /* FNCount.h */; settings = {ATTRIBUTES = (Public, ); }; };
		D3A5DB7F141E7C870081FBB4 /* FNEndsWith.h in Headers */ = {isa = PBXBuildFile; fileRef = D3A5DB6C141E7C860081FBB4 /* FNEndsWith.h */; settings = {ATTRIBUTES = (Public, ); }; };
		D3A5DB80141E7C870081FBB4 /* FNFloor.h in Headers */ = {isa = PBXBuildFile; fileRef = D3A5DB6D141E7C860081FBB4 /* FNFloor.h */; settings = {ATTRIBUTES = (Public, ); }; };
		D3A5DB81141E7C870081FBB4 /* FNLast.h in Headers */ = {isa = PBXBuildFile; fileRef = D3A5DB6E141E7C860081FBB4 /* FNLast.h */; settings = {ATTRIBUTES = (Public, ); }; };
		D3A5DB82141E7C870081FBB4 /* FNNot.h in Headers */ = {isa = PBXBuildFile; fileRef = D3A5DB6F141E7C860081FBB4 /* FNNot.h */; settings = {ATTRIBUTES = (Public, ); }; };
		D3A5DB83141E7C870081FBB4 /* FNNumber.h in Headers */ = {isa = PBXBuildFile; fileRef = D3A5DB70141E7C860081FBB4 /* FNNumber.h */; settings = {ATTRIBUTES = (Public, ); }; };
		D3A5DB84141E7C870081FBB4 /* FNPosition.h in Headers */ = {isa = PBXBuildFile; fileRef = D3A5DB71141E7C860081FBB4 /* FNPosition.h */; settings = {ATTRIBUTES = (Public, ); }; };
		D3A5DB85141E7C870081FBB4 /* FNRound.h in Headers */ = {isa = PBXBuildFile; fileRef = D3A5DB72141E7C860081FBB4 /* FNRound.h */; settings = {ATTRIBUTES = (Public, ); }; };
		D3A5DB86141E7C870081FBB4 /* FNStartsWith.h in Headers */ = {isa = PBXBuildFile; fileRef = D3A5DB73141E7C860081FBB4 /* FNStartsWith.h */; settings = {ATTRIBUTES = (Public, ); }; };
		D3A5DB87141E7C870081FBB4 /* FNString.h in Headers */ = {isa = PBXBuildFile; fileRef = D3A5DB74141E7C860081FBB4 /* FNString.h */; settings = {ATTRIBUTES = (Public, ); }; };
		D3A5DB88141E7C870081FBB4 /* FNStringLength.h in Headers */ = {isa = PBXBuildFile; fileRef = D3A5DB75141E7C870081FBB4 /* FNStringLength.h */; settings = {ATTRIBUTES = (Public, ); }; };
		D3A5DB89141E7C870081FBB4 /* FNSubstring.h in Headers */ = {isa = PBXBuildFile; fileRef = D3A5DB76141E7C870081FBB4 /* FNSubstring.h */; settings = {ATTRIBUTES = (Public, ); }; };
		D3A5DB8A141E7C870081FBB4 /* FNSubstringAfter.h in Headers */ = {isa = PBXBuildFile; fileRef = D3A5DB77141E7C870081FBB4 /* FNSubstringAfter.h */; settings = {ATTRIBUTES = (Public, ); }; };
		D3A5DB8B141E7C870081FBB4 /* FNSubstringBefore.h in Headers */ = {isa = PBXBuildFile; fileRef = D3A5DB78141E7C870081FBB4 /* FNSubstringBefore.h */; settings = {ATTRIBUTES = (Public, ); }; };
		D3A5DB8C141E7C870081FBB4 /* FNSum.h in Headers */ = {isa = PBXBuildFile; fileRef = D3A5DB79141E7C870081FBB4 /* FNSum.h */; settings = {ATTRIBUTES = (Public, ); }; };
		D3A5DB99141E7D1A0081FBB4 /* XPSortable.h in Headers */ = {isa = PBXBuildFile; fileRef = D3A5DB98141E7D1A0081FBB4 /* XPSortable.h */; };
		D3A5DBC2141E7D230081FBB4 /* XPComparer.h in Headers */ = {isa = PBXBuildFile; fileRef = D3A5DBAD141E7D230081FBB4 /* XPComparer.h */; settings = {ATTRIBUTES = (Public, ); }; };
		D3A5DBC3141E7D230081FBB4 /* XPDescendingComparer.h in Headers */ = {isa = PBXBuildFile; fileRef = D3A5DBAE141E7D230081FBB4 /* XPDescendingComparer.h */; settings = {ATTRIBUTES = (Public, ); }; };
		D3A5DBC9141E7D510081FBB4 /* XPExpression.h in Headers */ = {isa = PBXBuildFile; fileRef = D3A5DBC8141E7D510081FBB4 /* XPExpression.h */; settings = {ATTRIBUTES = (Public, ); }; };
		D3A5DBCB141E7D570081FBB4 /* XPValue.h in Headers */ = {isa = PBXBuildFile; fileRef = D3A5DBCA141E7D570081FBB4 /* XPValue.h */; settings = {ATTRIBUTES = (Public, ); }; };
		D3A5DBCD141E7D5F0081FBB4 /* XPBooleanValue.h in Headers */ = {isa = PBXBuildFile; fileRef = D3A5DBCC141E7D5F0081FBB4 /* XPBooleanValue.h */; settings = {ATTRIBUTES = (Public, ); }; };
		D3A5DBCF141E7D680081FBB4 /* XPNumericValue.h in Headers */ = {isa = PBXBuildFile; fileRef = D3A5DBCE141E7D680081FBB4 /* XPNumericValue.h */; settings = {ATTRIBUTES = (Public, ); }; };
		D3A5DBD1141E7D6F0081FBB4 /* XPStringValue.h in Headers */ = {isa = PBXBuildFile; fileRef = D3A5DBD0141E7D6F0081FBB4 /* XPStringValue.h */; settings = {ATTRIBUTES = (Public, ); }; };
		D3A5DBD3141E7D770081FBB4 /* XPNodeSetValue.h in Headers */ = {isa = PBXBuildFile; fileRef = D3A5DBD2141E7D770081FBB4 /* XPNodeSetValue.h */; settings = {ATTRIBUTES = (Public, ); }; };
		D3A5DBD5141E7D7C0081FBB4 /* XPNodeSetIntent.h in Headers */ = {isa = PBXBuildFile; fileRef = D3A5DBD4141E7D7C0081FBB4 /* XPNodeSetIntent.h */; settings = {ATTRIBUTES = (Public, ); }; };
		D3A5DBD7141E7D800081FBB4 /* XPNodeSetExtent.h in Headers */ = {isa = PBXBuildFile; fileRef = D3A5DBD6141E7D800081FBB4 /* XPNodeSetExtent.h */; settings = {ATTRIBUTES = (Public, ); }; };
		D3A5DBD9141E7D860081FBB4 /* XPSingletonNodeSet.h in Headers */ = {isa = PBXBuildFile; fileRef = D3A5DBD8141E7D860081FBB4 /* XPSingletonNodeSet.h */; settings = {ATTRIBUTES = (Public, ); }; };
		D3A5DBDB141E7D910081FBB4 /* XPObjectValue.h in Headers */ = {isa = PBXBuildFile; fileRef = D3A5DBDA141E7D910081FBB4 /* XPObjectValue.h */; settings = {ATTRIBUTES = (Public, ); }; };
		D3A5DBDD141E7D980081FBB4 /* XPBinaryExpression.h in Headers */ = {isa = PBXBuildFile; fileRef = D3A5DBDC141E7D980081FBB4 /* XPBinaryExpression.h */; settings = {ATTRIBUTES = (Public, ); }; };
		D3A5DBDF141E7DA20081FBB4 /* XPBooleanExpression.h in Headers */ = {isa = PBXBuildFile; fileRef = D3A5DBDE141E7DA20081FBB4 /* XPBooleanExpression.h */; settings = {ATTRIBUTES = (Public, ); }; };
		D3A5DBE1141E7DA90081FBB4 /* XPRelationalExpression.h in Headers */ = {isa = PBXBuildFile; fileRef = D3A5DBE0141E7DA90081FBB4 /* XPRelationalExpression.h */; settings = {ATTRIBUTES = (Public, ); }; };
		D3A5DBE3141E7DB40081FBB4 /* XPArithmeticExpression.h in Headers */ = {isa = PBXBuildFile; fileRef = D3A5DBE2141E7DB40081FBB4 /* XPArithmeticExpression.h */; settings = {ATTRIBUTES = (Public, ); }; };
		D3A5DBE5141E7DBC0081FBB4 /* XPFunction.h in Headers */ = {isa = PBXBuildFile; fileRef = D3A5DBE4141E7DBC0081FBB4 /* XPFunction.h */; settings = {ATTRIBUTES = (Public, ); }; };
		D3A5DBE7141E7DC40081FBB4 /* XPNodeSetExpression.h in Headers */ = {isa = PBXBuildFile; fileRef = D3A5DBE6141E7DC40081FBB4 /* XPNodeSetExpression.h */; settings = {ATTRIBUTES = (Public, ); }; };
		D3A5DBE9141E7DCB0081FBB4 /* XPParentNodeExpression.h in Headers */ = {isa = PBXBuildFile; fileRef = D3A5DBE8141E7DCB0081FBB4 /* XPParentNodeExpression.h */; settings = {ATTRIBUTES = (Public, ); }; };
		D3A5DBEB141E7DCF0081FBB4 /* XPSingletonExpression.h in Headers */ = {isa = PBXBuildFile; fileRef = D3A5DBEA141E7DCF0081FBB4 /* XPSingletonExpression.h */; settings = {ATTRIBUTES = (Public, ); }; };
		D3A6C2E41907391200F3EFF3 /* XPAxis.m in Sources */ = {isa = PBXBuildFile; fileRef = D3A6C2E31907391200F3EFF3 /* XPAxis.m */; };
		D3A6C2EA19073B4700F3EFF3 /* XPStepTest.m in Sources */ = {isa = PBXBuildFile; fileRef = D3A6C2E919073B4700F3EFF3 /* XPStepTest.m */; };
		D3A6C2EC19073D4900F3EFF3 /* XCTest.framework in Frameworks */ = {isa = PBXBuildFile; fileRef = D3A6C2EB19073D4900F3EFF3 /* XCTest.framework */; };
		D3A6C2EF1907413800F3EFF3 /* XPStep.h in Headers */ = {isa = PBXBuildFile; fileRef = D3A6C2ED1907413800F3EFF3 /* XPStep.h */; };
		D3A6C2F01907413800F3EFF3 /* XPStep.m in Sources */ = {isa = PBXBuildFile; fileRef = D3A6C2EE1907413800F3EFF3 /* XPStep.m */; };
		D3A6C2F31907457500F3EFF3 /* XPNodeTypeTest.h in Headers */ = {isa = PBXBuildFile; fileRef = D3A6C2F11907457500F3EFF3 /* XPNodeTypeTest.h */; };
		D3A6C2F41907457500F3EFF3 /* XPNodeTypeTest.m in Sources */ = {isa = PBXBuildFile; fileRef = D3A6C2F21907457500F3EFF3 /* XPNodeTypeTest.m */; };
		D3A6C2F61907568200F3EFF3 /* XPAxis.h in Headers */ = {isa = PBXBuildFile; fileRef = D3A6C2F51907568100F3EFF3 /* XPAxis.h */; settings = {ATTRIBUTES = (Public, ); }; };
		D3A6C2F8190756FE00F3EFF3 /* XPAxisEnumeration.h in Headers */ = {isa = PBXBuildFile; fileRef = D3A6C2F7190756FC00F3EFF3 /* XPAxisEnumeration.h */; };
		D3AC84560F60C7EC00392CB4 /* XPExpression.m in Sources */ = {isa = PBXBuildFile; fileRef = D3AC84540F60C7EC00392CB4 /* XPExpression.m */; };
		D3AC85B80F60D13200392CB4 /* Foundation.framework in Frameworks */ = {isa = PBXBuildFile; fileRef = D3AC85B70F60D13200392CB4 /* Foundation.framework */; };
		D3C177F71880EE2E00F90600 /* XPEGParserFilterExprTest.m in Sources */ = {isa = PBXBuildFile; fileRef = D3C177F61880EE2E00F90600 /* XPEGParserFilterExprTest.m */; };
		D3C178011880EF4900F90600 /* XPEGParserLocationPathTest.m in Sources */ = {isa = PBXBuildFile; fileRef = D3C178001880EF4900F90600 /* XPEGParserLocationPathTest.m */; };
		D3C178241884472800F90600 /* XPAxisExpression.m in Sources */ = {isa = PBXBuildFile; fileRef = D3C178221884472800F90600 /* XPAxisExpression.m */; };
		D3C178261884473B00F90600 /* XPAxisExpression.h in Headers */ = {isa = PBXBuildFile; fileRef = D3C178251884473B00F90600 /* XPAxisExpression.h */; settings = {ATTRIBUTES = (Public, ); }; };
		D3C1782B18844C7D00F90600 /* XPPattern.m in Sources */ = {isa = PBXBuildFile; fileRef = D3C1782918844C7D00F90600 /* XPPattern.m */; };
		D3C1782F18844C9200F90600 /* XPNodeTest.m in Sources */ = {isa = PBXBuildFile; fileRef = D3C1782D18844C9200F90600 /* XPNodeTest.m */; };
		D3C1783318844C9F00F90600 /* XPNameTest.m in Sources */ = {isa = PBXBuildFile; fileRef = D3C1783118844C9F00F90600 /* XPNameTest.m */; };
		D3C1783718844CC500F90600 /* XPNamespaceTest.m in Sources */ = {isa = PBXBuildFile; fileRef = D3C1783518844CC500F90600 /* XPNamespaceTest.m */; };
		D3C1783C18844D0300F90600 /* XPNamespaceTest.h in Headers */ = {isa = PBXBuildFile; fileRef = D3C1783818844D0300F90600 /* XPNamespaceTest.h */; settings = {ATTRIBUTES = (Public, ); }; };
		D3C1783D18844D0300F90600 /* XPNameTest.h in Headers */ = {isa = PBXBuildFile; fileRef = D3C1783918844D0300F90600 /* XPNameTest.h */; settings = {ATTRIBUTES = (Public, ); }; };
		D3C1783E18844D0300F90600 /* XPNodeTest.h in Headers */ = {isa = PBXBuildFile; fileRef = D3C1783A18844D0300F90600 /* XPNodeTest.h */; settings = {ATTRIBUTES = (Public, ); }; };
		D3C1783F18844D0300F90600 /* XPPattern.h in Headers */ = {isa = PBXBuildFile; fileRef = D3C1783B18844D0300F90600 /* XPPattern.h */; settings = {ATTRIBUTES = (Public, ); }; };
		D3C7984B19060EC700EC8CB2 /* PEGKit.framework in Frameworks */ = {isa = PBXBuildFile; fileRef = D3C7984019060D0900EC8CB2 /* PEGKit.framework */; };
/* End PBXBuildFile section */

/* Begin PBXContainerItemProxy section */
		D33639E2100DACD900AC4B51 /* PBXContainerItemProxy */ = {
			isa = PBXContainerItemProxy;
			containerPortal = 0867D690FE84028FC02AAC07 /* Project object */;
			proxyType = 1;
			remoteGlobalIDString = 8DC2EF4F0486A6940098B216;
			remoteInfo = Exedore;
		};
		D3C7983F19060D0900EC8CB2 /* PBXContainerItemProxy */ = {
			isa = PBXContainerItemProxy;
			containerPortal = D3C7983719060D0800EC8CB2 /* PEGKit.xcodeproj */;
			proxyType = 2;
			remoteGlobalIDString = D3F8A48D175817DF00056188;
			remoteInfo = PEGKit;
		};
		D3C7984119060D0900EC8CB2 /* PBXContainerItemProxy */ = {
			isa = PBXContainerItemProxy;
			containerPortal = D3C7983719060D0800EC8CB2 /* PEGKit.xcodeproj */;
			proxyType = 2;
			remoteGlobalIDString = D366C55418D1F29D00AF3EFB;
			remoteInfo = libPEGKitOSX;
		};
		D3C7984319060D0900EC8CB2 /* PBXContainerItemProxy */ = {
			isa = PBXContainerItemProxy;
			containerPortal = D3C7983719060D0800EC8CB2 /* PEGKit.xcodeproj */;
			proxyType = 2;
			remoteGlobalIDString = D317C12B18D1F5EB0036BE75;
			remoteInfo = libPEGKitIOS;
		};
		D3C7984519060D0900EC8CB2 /* PBXContainerItemProxy */ = {
			isa = PBXContainerItemProxy;
			containerPortal = D3C7983719060D0800EC8CB2 /* PEGKit.xcodeproj */;
			proxyType = 2;
			remoteGlobalIDString = D37D8DC61571A4F700CDB822;
			remoteInfo = PEGKitTests;
		};
		D3C7984719060D0900EC8CB2 /* PBXContainerItemProxy */ = {
			isa = PBXContainerItemProxy;
			containerPortal = D3C7983719060D0800EC8CB2 /* PEGKit.xcodeproj */;
			proxyType = 2;
			remoteGlobalIDString = D338302F171C923700CCE513;
			remoteInfo = ParserGenApp;
		};
		D3C7984919060EC200EC8CB2 /* PBXContainerItemProxy */ = {
			isa = PBXContainerItemProxy;
			containerPortal = D3C7983719060D0800EC8CB2 /* PEGKit.xcodeproj */;
			proxyType = 1;
			remoteGlobalIDString = D3F8A3DA175817DF00056188;
			remoteInfo = PEGKit;
		};
/* End PBXContainerItemProxy section */

/* Begin PBXFileReference section */
		089C1667FE841158C02AAC07 /* English */ = {isa = PBXFileReference; fileEncoding = 10; lastKnownFileType = text.plist.strings; name = English; path = English.lproj/InfoPlist.strings; sourceTree = "<group>"; };
		8DC2EF5A0486A6940098B216 /* Info.plist */ = {isa = PBXFileReference; fileEncoding = 4; lastKnownFileType = text.plist.xml; path = Info.plist; sourceTree = "<group>"; };
		8DC2EF5B0486A6940098B216 /* XPath.framework */ = {isa = PBXFileReference; explicitFileType = wrapper.framework; includeInIndex = 0; path = XPath.framework; sourceTree = BUILT_PRODUCTS_DIR; };
		D3010D6F141F2E4B0034B801 /* XPDoubleComparer.m */ = {isa = PBXFileReference; fileEncoding = 4; lastKnownFileType = sourcecode.c.objc; name = XPDoubleComparer.m; path = src/XPDoubleComparer.m; sourceTree = "<group>"; };
		D3010D71141F2E5E0034B801 /* XPDoubleComparer.h */ = {isa = PBXFileReference; fileEncoding = 4; lastKnownFileType = sourcecode.c.h; name = XPDoubleComparer.h; path = include/XPath/XPDoubleComparer.h; sourceTree = "<group>"; };
		D312AE78103A6A290098934C /* XPComparer.m */ = {isa = PBXFileReference; fileEncoding = 4; lastKnownFileType = sourcecode.c.objc; name = XPComparer.m; path = src/XPComparer.m; sourceTree = "<group>"; };
		D312AE7D103A6C700098934C /* XPDescendingComparer.m */ = {isa = PBXFileReference; fileEncoding = 4; lastKnownFileType = sourcecode.c.objc; name = XPDescendingComparer.m; path = src/XPDescendingComparer.m; sourceTree = "<group>"; };
		D3172236190D8FE6005C633B /* XPEqualityExprTest.m */ = {isa = PBXFileReference; fileEncoding = 4; lastKnownFileType = sourcecode.c.objc; name = XPEqualityExprTest.m; path = test/XPEqualityExprTest.m; sourceTree = "<group>"; };
		D317223D190DAAD9005C633B /* XPNSXMLNodeImpl.h */ = {isa = PBXFileReference; fileEncoding = 4; lastKnownFileType = sourcecode.c.h; name = XPNSXMLNodeImpl.h; path = src/XPNSXMLNodeImpl.h; sourceTree = "<group>"; };
		D317223E190DAAD9005C633B /* XPNSXMLNodeImpl.m */ = {isa = PBXFileReference; fileEncoding = 4; lastKnownFileType = sourcecode.c.objc; name = XPNSXMLNodeImpl.m; path = src/XPNSXMLNodeImpl.m; sourceTree = "<group>"; };
		D3363815100C6E0400AC4B51 /* XPNodeSetValue.m */ = {isa = PBXFileReference; fileEncoding = 4; lastKnownFileType = sourcecode.c.objc; name = XPNodeSetValue.m; path = src/XPNodeSetValue.m; sourceTree = "<group>"; };
		D336381A100C6E2800AC4B51 /* XPNumericValue.m */ = {isa = PBXFileReference; fileEncoding = 4; lastKnownFileType = sourcecode.c.objc; name = XPNumericValue.m; path = src/XPNumericValue.m; sourceTree = "<group>"; };
		D336381E100C6E4400AC4B51 /* XPStringValue.m */ = {isa = PBXFileReference; fileEncoding = 4; lastKnownFileType = sourcecode.c.objc; name = XPStringValue.m; path = src/XPStringValue.m; sourceTree = "<group>"; };
		D336393F100D7EB400AC4B51 /* XPSingletonNodeSet.m */ = {isa = PBXFileReference; fileEncoding = 4; lastKnownFileType = sourcecode.c.objc; name = XPSingletonNodeSet.m; path = src/XPSingletonNodeSet.m; sourceTree = "<group>"; };
		D3363954100D813500AC4B51 /* XPObjectValue.m */ = {isa = PBXFileReference; fileEncoding = 4; lastKnownFileType = sourcecode.c.objc; name = XPObjectValue.m; path = src/XPObjectValue.m; sourceTree = "<group>"; };
		D33639D1100DAA9400AC4B51 /* Tests.xctest */ = {isa = PBXFileReference; explicitFileType = wrapper.cfbundle; includeInIndex = 0; path = Tests.xctest; sourceTree = BUILT_PRODUCTS_DIR; };
		D33639D2100DAA9400AC4B51 /* Tests-Info.plist */ = {isa = PBXFileReference; lastKnownFileType = text.plist.xml; path = "Tests-Info.plist"; sourceTree = "<group>"; };
		D33639D8100DAB5700AC4B51 /* XPBooleanValueTest.m */ = {isa = PBXFileReference; fileEncoding = 4; lastKnownFileType = sourcecode.c.objc; name = XPBooleanValueTest.m; path = test/XPBooleanValueTest.m; sourceTree = "<group>"; };
		D33639DA100DAB8C00AC4B51 /* XPTestScaffold.m */ = {isa = PBXFileReference; fileEncoding = 4; lastKnownFileType = sourcecode.c.objc; name = XPTestScaffold.m; path = test/XPTestScaffold.m; sourceTree = "<group>"; };
		D33639DB100DAB8C00AC4B51 /* XPTestScaffold.h */ = {isa = PBXFileReference; fileEncoding = 4; lastKnownFileType = sourcecode.c.h; name = XPTestScaffold.h; path = test/XPTestScaffold.h; sourceTree = "<group>"; };
		D33639F5100DB15700AC4B51 /* XPValueTest.m */ = {isa = PBXFileReference; fileEncoding = 4; lastKnownFileType = sourcecode.c.objc; name = XPValueTest.m; path = test/XPValueTest.m; sourceTree = "<group>"; };
		D3366B02188051D6008C4144 /* XPEGParserStepTest.h */ = {isa = PBXFileReference; fileEncoding = 4; lastKnownFileType = sourcecode.c.h; name = XPEGParserStepTest.h; path = test/XPEGParserStepTest.h; sourceTree = "<group>"; };
		D3366B03188051D6008C4144 /* XPEGParserStepTest.m */ = {isa = PBXFileReference; fileEncoding = 4; lastKnownFileType = sourcecode.c.objc; name = XPEGParserStepTest.m; path = test/XPEGParserStepTest.m; sourceTree = "<group>"; };
		D33E9F811916E0E000BB7DFE /* XPStandaloneContext.h */ = {isa = PBXFileReference; fileEncoding = 4; lastKnownFileType = sourcecode.c.h; name = XPStandaloneContext.h; path = src/XPStandaloneContext.h; sourceTree = "<group>"; };
		D33E9F821916E0E000BB7DFE /* XPStandaloneContext.m */ = {isa = PBXFileReference; fileEncoding = 4; lastKnownFileType = sourcecode.c.objc; name = XPStandaloneContext.m; path = src/XPStandaloneContext.m; sourceTree = "<group>"; };
		D33E9F8A1916E60C00BB7DFE /* XPUtils.m */ = {isa = PBXFileReference; fileEncoding = 4; lastKnownFileType = sourcecode.c.objc; name = XPUtils.m; path = src/XPUtils.m; sourceTree = "<group>"; };
		D33E9F8D1916E61900BB7DFE /* XPUtils.h */ = {isa = PBXFileReference; fileEncoding = 4; lastKnownFileType = sourcecode.c.h; name = XPUtils.h; path = include/XPath/XPUtils.h; sourceTree = "<group>"; };
		D34BADF3100ABA7C00996341 /* XPBooleanValue.m */ = {isa = PBXFileReference; fileEncoding = 4; lastKnownFileType = sourcecode.c.objc; name = XPBooleanValue.m; path = src/XPBooleanValue.m; sourceTree = "<group>"; };
		D34BADF7100ABA9300996341 /* XPValue.m */ = {isa = PBXFileReference; fileEncoding = 4; lastKnownFileType = sourcecode.c.objc; name = XPValue.m; path = src/XPValue.m; sourceTree = "<group>"; };
		D36BC02A101BF50C00D1A6C7 /* XPNodeSetIntent.m */ = {isa = PBXFileReference; fileEncoding = 4; lastKnownFileType = sourcecode.c.objc; name = XPNodeSetIntent.m; path = src/XPNodeSetIntent.m; sourceTree = "<group>"; };
		D36BC02E101BF52F00D1A6C7 /* XPNodeSetExpression.m */ = {isa = PBXFileReference; fileEncoding = 4; lastKnownFileType = sourcecode.c.objc; name = XPNodeSetExpression.m; path = src/XPNodeSetExpression.m; sourceTree = "<group>"; };
		D36BC02F101BF52F00D1A6C7 /* XPNodeSetExtent.m */ = {isa = PBXFileReference; fileEncoding = 4; lastKnownFileType = sourcecode.c.objc; name = XPNodeSetExtent.m; path = src/XPNodeSetExtent.m; sourceTree = "<group>"; };
		D36BC030101BF52F00D1A6C7 /* XPParentNodeExpression.m */ = {isa = PBXFileReference; fileEncoding = 4; lastKnownFileType = sourcecode.c.objc; name = XPParentNodeExpression.m; path = src/XPParentNodeExpression.m; sourceTree = "<group>"; };
		D36BC031101BF52F00D1A6C7 /* XPSingletonExpression.m */ = {isa = PBXFileReference; fileEncoding = 4; lastKnownFileType = sourcecode.c.objc; name = XPSingletonExpression.m; path = src/XPSingletonExpression.m; sourceTree = "<group>"; };
		D36BC059101BF5B100D1A6C7 /* XPController.m */ = {isa = PBXFileReference; fileEncoding = 4; lastKnownFileType = sourcecode.c.objc; name = XPController.m; path = src/XPController.m; sourceTree = "<group>"; };
		D36C6770101059CE000361A0 /* XPNumericValueTest.m */ = {isa = PBXFileReference; fileEncoding = 4; lastKnownFileType = sourcecode.c.objc; name = XPNumericValueTest.m; path = test/XPNumericValueTest.m; sourceTree = "<group>"; };
		D36C678210105EBE000361A0 /* XPStringValueTest.m */ = {isa = PBXFileReference; fileEncoding = 4; lastKnownFileType = sourcecode.c.objc; name = XPStringValueTest.m; path = test/XPStringValueTest.m; sourceTree = "<group>"; };
		D36C679810106874000361A0 /* XPRelationalExpression.m */ = {isa = PBXFileReference; fileEncoding = 4; lastKnownFileType = sourcecode.c.objc; name = XPRelationalExpression.m; path = src/XPRelationalExpression.m; sourceTree = "<group>"; };
		D36C679C1010689A000361A0 /* XPBinaryExpression.m */ = {isa = PBXFileReference; fileEncoding = 4; lastKnownFileType = sourcecode.c.objc; name = XPBinaryExpression.m; path = src/XPBinaryExpression.m; sourceTree = "<group>"; };
		D36C68111010E0FE000361A0 /* XPArithmeticExpression.m */ = {isa = PBXFileReference; fileEncoding = 4; lastKnownFileType = sourcecode.c.objc; name = XPArithmeticExpression.m; path = src/XPArithmeticExpression.m; sourceTree = "<group>"; };
		D37A27E31012FFA600E936B7 /* XPBooleanExpression.m */ = {isa = PBXFileReference; fileEncoding = 4; lastKnownFileType = sourcecode.c.objc; name = XPBooleanExpression.m; path = src/XPBooleanExpression.m; sourceTree = "<group>"; };
		D37A27F4101304EF00E936B7 /* XPBooleanExprTest.m */ = {isa = PBXFileReference; fileEncoding = 4; lastKnownFileType = sourcecode.c.objc; name = XPBooleanExprTest.m; path = test/XPBooleanExprTest.m; sourceTree = "<group>"; };
		D37A29681013F39400E936B7 /* XPFunction.m */ = {isa = PBXFileReference; fileEncoding = 4; lastKnownFileType = sourcecode.c.objc; name = XPFunction.m; path = src/XPFunction.m; sourceTree = "<group>"; };
		D37A296C1013F57D00E936B7 /* NSError+XPAdditions.m */ = {isa = PBXFileReference; fileEncoding = 4; lastKnownFileType = sourcecode.c.objc; name = "NSError+XPAdditions.m"; path = "src/NSError+XPAdditions.m"; sourceTree = "<group>"; };
		D37A299B1013F87900E936B7 /* FNNotTest.h */ = {isa = PBXFileReference; fileEncoding = 4; lastKnownFileType = sourcecode.c.h; name = FNNotTest.h; path = test/FNNotTest.h; sourceTree = "<group>"; };
		D37A299C1013F87900E936B7 /* FNNotTest.m */ = {isa = PBXFileReference; fileEncoding = 4; lastKnownFileType = sourcecode.c.objc; name = FNNotTest.m; path = test/FNNotTest.m; sourceTree = "<group>"; };
		D37A29A21013F95100E936B7 /* FNNot.m */ = {isa = PBXFileReference; fileEncoding = 4; lastKnownFileType = sourcecode.c.objc; name = FNNot.m; path = src/FNNot.m; sourceTree = "<group>"; };
		D37A2A191014015E00E936B7 /* FNBoolean.m */ = {isa = PBXFileReference; fileEncoding = 4; lastKnownFileType = sourcecode.c.objc; name = FNBoolean.m; path = src/FNBoolean.m; sourceTree = "<group>"; };
		D37A2B97101418EC00E936B7 /* FNBooleanTest.m */ = {isa = PBXFileReference; fileEncoding = 4; lastKnownFileType = sourcecode.c.objc; name = FNBooleanTest.m; path = test/FNBooleanTest.m; sourceTree = "<group>"; };
		D37A2BDB10141E7C00E936B7 /* NSError+XPAdditions.h */ = {isa = PBXFileReference; fileEncoding = 4; lastKnownFileType = sourcecode.c.h; name = "NSError+XPAdditions.h"; path = "src/NSError+XPAdditions.h"; sourceTree = "<group>"; };
		D37A2CAA10142D8E00E936B7 /* FNCeiling.m */ = {isa = PBXFileReference; fileEncoding = 4; lastKnownFileType = sourcecode.c.objc; name = FNCeiling.m; path = src/FNCeiling.m; sourceTree = "<group>"; };
		D37A2CD810142EC100E936B7 /* FNCeilingTest.h */ = {isa = PBXFileReference; fileEncoding = 4; lastKnownFileType = sourcecode.c.h; name = FNCeilingTest.h; path = test/FNCeilingTest.h; sourceTree = "<group>"; };
		D37A2CD910142EC100E936B7 /* FNCeilingTest.m */ = {isa = PBXFileReference; fileEncoding = 4; lastKnownFileType = sourcecode.c.objc; name = FNCeilingTest.m; path = test/FNCeilingTest.m; sourceTree = "<group>"; };
		D37A2D00101433C600E936B7 /* FNConcat.m */ = {isa = PBXFileReference; fileEncoding = 4; lastKnownFileType = sourcecode.c.objc; name = FNConcat.m; path = src/FNConcat.m; sourceTree = "<group>"; };
		D37A2D23101436CE00E936B7 /* FNConcatTest.h */ = {isa = PBXFileReference; fileEncoding = 4; lastKnownFileType = sourcecode.c.h; name = FNConcatTest.h; path = test/FNConcatTest.h; sourceTree = "<group>"; };
		D37A2D24101436CE00E936B7 /* FNConcatTest.m */ = {isa = PBXFileReference; fileEncoding = 4; lastKnownFileType = sourcecode.c.objc; name = FNConcatTest.m; path = test/FNConcatTest.m; sourceTree = "<group>"; };
		D37A2D621014393D00E936B7 /* FNCount.m */ = {isa = PBXFileReference; fileEncoding = 4; lastKnownFileType = sourcecode.c.objc; name = FNCount.m; path = src/FNCount.m; sourceTree = "<group>"; };
		D37A2E7B10156BF000E936B7 /* FNContains.m */ = {isa = PBXFileReference; fileEncoding = 4; lastKnownFileType = sourcecode.c.objc; name = FNContains.m; path = src/FNContains.m; sourceTree = "<group>"; };
		D37A2EAA10156F5700E936B7 /* FNContainsTest.h */ = {isa = PBXFileReference; fileEncoding = 4; lastKnownFileType = sourcecode.c.h; name = FNContainsTest.h; path = test/FNContainsTest.h; sourceTree = "<group>"; };
		D37A2EAB10156F5700E936B7 /* FNContainsTest.m */ = {isa = PBXFileReference; fileEncoding = 4; lastKnownFileType = sourcecode.c.objc; name = FNContainsTest.m; path = test/FNContainsTest.m; sourceTree = "<group>"; };
		D37A2ED51015724700E936B7 /* FNFloorTest.h */ = {isa = PBXFileReference; fileEncoding = 4; lastKnownFileType = sourcecode.c.h; name = FNFloorTest.h; path = test/FNFloorTest.h; sourceTree = "<group>"; };
		D37A2ED61015724700E936B7 /* FNFloorTest.m */ = {isa = PBXFileReference; fileEncoding = 4; lastKnownFileType = sourcecode.c.objc; name = FNFloorTest.m; path = test/FNFloorTest.m; sourceTree = "<group>"; };
		D37A2F0B101574B200E936B7 /* FNFloor.m */ = {isa = PBXFileReference; fileEncoding = 4; lastKnownFileType = sourcecode.c.objc; name = FNFloor.m; path = src/FNFloor.m; sourceTree = "<group>"; };
		D37A2F2910157F5400E936B7 /* FNLast.m */ = {isa = PBXFileReference; fileEncoding = 4; lastKnownFileType = sourcecode.c.objc; name = FNLast.m; path = src/FNLast.m; sourceTree = "<group>"; };
		D37A2F3910157F9100E936B7 /* FNPosition.m */ = {isa = PBXFileReference; fileEncoding = 4; lastKnownFileType = sourcecode.c.objc; name = FNPosition.m; path = src/FNPosition.m; sourceTree = "<group>"; };
		D37A2F741015812800E936B7 /* XPContext.m */ = {isa = PBXFileReference; fileEncoding = 4; lastKnownFileType = sourcecode.c.objc; name = XPContext.m; path = src/XPContext.m; sourceTree = "<group>"; };
		D37A2FD610158A0600E936B7 /* FNRound.m */ = {isa = PBXFileReference; fileEncoding = 4; lastKnownFileType = sourcecode.c.objc; name = FNRound.m; path = src/FNRound.m; sourceTree = "<group>"; };
		D37A2FDC10158BE200E936B7 /* FNRoundTest.h */ = {isa = PBXFileReference; fileEncoding = 4; lastKnownFileType = sourcecode.c.h; name = FNRoundTest.h; path = test/FNRoundTest.h; sourceTree = "<group>"; };
		D37A2FDD10158BE200E936B7 /* FNRoundTest.m */ = {isa = PBXFileReference; fileEncoding = 4; lastKnownFileType = sourcecode.c.objc; name = FNRoundTest.m; path = test/FNRoundTest.m; sourceTree = "<group>"; };
		D37A2FFB10158DA900E936B7 /* FNStartsWith.m */ = {isa = PBXFileReference; fileEncoding = 4; lastKnownFileType = sourcecode.c.objc; name = FNStartsWith.m; path = src/FNStartsWith.m; sourceTree = "<group>"; };
		D37A2FFF10158DB300E936B7 /* FNString.m */ = {isa = PBXFileReference; fileEncoding = 4; lastKnownFileType = sourcecode.c.objc; name = FNString.m; path = src/FNString.m; sourceTree = "<group>"; };
		D37A300310158DC200E936B7 /* FNStringLength.m */ = {isa = PBXFileReference; fileEncoding = 4; lastKnownFileType = sourcecode.c.objc; name = FNStringLength.m; path = src/FNStringLength.m; sourceTree = "<group>"; };
		D37A300710158DD700E936B7 /* FNSubstring.m */ = {isa = PBXFileReference; fileEncoding = 4; lastKnownFileType = sourcecode.c.objc; name = FNSubstring.m; path = src/FNSubstring.m; sourceTree = "<group>"; };
		D37A300B10158DE500E936B7 /* FNSubstringAfter.m */ = {isa = PBXFileReference; fileEncoding = 4; lastKnownFileType = sourcecode.c.objc; name = FNSubstringAfter.m; path = src/FNSubstringAfter.m; sourceTree = "<group>"; };
		D37A300F10158DEF00E936B7 /* FNSubstringBefore.m */ = {isa = PBXFileReference; fileEncoding = 4; lastKnownFileType = sourcecode.c.objc; name = FNSubstringBefore.m; path = src/FNSubstringBefore.m; sourceTree = "<group>"; };
		D37A301310158E0100E936B7 /* FNSum.m */ = {isa = PBXFileReference; fileEncoding = 4; lastKnownFileType = sourcecode.c.objc; name = FNSum.m; path = src/FNSum.m; sourceTree = "<group>"; };
		D37A306E1015952F00E936B7 /* FNEndsWith.m */ = {isa = PBXFileReference; fileEncoding = 4; lastKnownFileType = sourcecode.c.objc; name = FNEndsWith.m; path = src/FNEndsWith.m; sourceTree = "<group>"; };
		D37A3073101595F400E936B7 /* FNEndsWithTest.h */ = {isa = PBXFileReference; fileEncoding = 4; lastKnownFileType = sourcecode.c.h; name = FNEndsWithTest.h; path = test/FNEndsWithTest.h; sourceTree = "<group>"; };
		D37A3074101595F400E936B7 /* FNEndsWithTest.m */ = {isa = PBXFileReference; fileEncoding = 4; lastKnownFileType = sourcecode.c.objc; name = FNEndsWithTest.m; path = test/FNEndsWithTest.m; sourceTree = "<group>"; };
		D37A3076101595FD00E936B7 /* FNStartsWithTest.h */ = {isa = PBXFileReference; fileEncoding = 4; lastKnownFileType = sourcecode.c.h; name = FNStartsWithTest.h; path = test/FNStartsWithTest.h; sourceTree = "<group>"; };
		D37A3077101595FD00E936B7 /* FNStartsWithTest.m */ = {isa = PBXFileReference; fileEncoding = 4; lastKnownFileType = sourcecode.c.objc; name = FNStartsWithTest.m; path = test/FNStartsWithTest.m; sourceTree = "<group>"; };
		D37A30C410159A5400E936B7 /* FNStringTest.h */ = {isa = PBXFileReference; fileEncoding = 4; lastKnownFileType = sourcecode.c.h; name = FNStringTest.h; path = test/FNStringTest.h; sourceTree = "<group>"; };
		D37A30C510159A5400E936B7 /* FNStringTest.m */ = {isa = PBXFileReference; fileEncoding = 4; lastKnownFileType = sourcecode.c.objc; name = FNStringTest.m; path = test/FNStringTest.m; sourceTree = "<group>"; };
		D37A31191015A6DA00E936B7 /* FNNumber.m */ = {isa = PBXFileReference; fileEncoding = 4; lastKnownFileType = sourcecode.c.objc; name = FNNumber.m; path = src/FNNumber.m; sourceTree = "<group>"; };
		D37A311E1015A74D00E936B7 /* FNNumberTest.h */ = {isa = PBXFileReference; fileEncoding = 4; lastKnownFileType = sourcecode.c.h; name = FNNumberTest.h; path = test/FNNumberTest.h; sourceTree = "<group>"; };
		D37A311F1015A74D00E936B7 /* FNNumberTest.m */ = {isa = PBXFileReference; fileEncoding = 4; lastKnownFileType = sourcecode.c.objc; name = FNNumberTest.m; path = test/FNNumberTest.m; sourceTree = "<group>"; };
		D37A31831016A34C00E936B7 /* FNStringLengthTest.h */ = {isa = PBXFileReference; fileEncoding = 4; lastKnownFileType = sourcecode.c.h; name = FNStringLengthTest.h; path = test/FNStringLengthTest.h; sourceTree = "<group>"; };
		D37A31841016A34C00E936B7 /* FNStringLengthTest.m */ = {isa = PBXFileReference; fileEncoding = 4; lastKnownFileType = sourcecode.c.objc; name = FNStringLengthTest.m; path = test/FNStringLengthTest.m; sourceTree = "<group>"; };
		D37A31BD1016A7B000E936B7 /* FNSubstringTest.h */ = {isa = PBXFileReference; fileEncoding = 4; lastKnownFileType = sourcecode.c.h; name = FNSubstringTest.h; path = test/FNSubstringTest.h; sourceTree = "<group>"; };
		D37A31BE1016A7B000E936B7 /* FNSubstringTest.m */ = {isa = PBXFileReference; fileEncoding = 4; lastKnownFileType = sourcecode.c.objc; name = FNSubstringTest.m; path = test/FNSubstringTest.m; sourceTree = "<group>"; };
		D37A320A1016C37400E936B7 /* FNSubstringAfterTest.h */ = {isa = PBXFileReference; fileEncoding = 4; lastKnownFileType = sourcecode.c.h; name = FNSubstringAfterTest.h; path = test/FNSubstringAfterTest.h; sourceTree = "<group>"; };
		D37A320B1016C37400E936B7 /* FNSubstringAfterTest.m */ = {isa = PBXFileReference; fileEncoding = 4; lastKnownFileType = sourcecode.c.objc; name = FNSubstringAfterTest.m; path = test/FNSubstringAfterTest.m; sourceTree = "<group>"; };
		D37A320D1016C38000E936B7 /* FNSubstringBeforeTest.h */ = {isa = PBXFileReference; fileEncoding = 4; lastKnownFileType = sourcecode.c.h; name = FNSubstringBeforeTest.h; path = test/FNSubstringBeforeTest.h; sourceTree = "<group>"; };
		D37A320E1016C38000E936B7 /* FNSubstringBeforeTest.m */ = {isa = PBXFileReference; fileEncoding = 4; lastKnownFileType = sourcecode.c.objc; name = FNSubstringBeforeTest.m; path = test/FNSubstringBeforeTest.m; sourceTree = "<group>"; };
		D383A315187F4E97006AE701 /* peg_xpath1_0.grammar */ = {isa = PBXFileReference; fileEncoding = 4; lastKnownFileType = text; name = peg_xpath1_0.grammar; path = res/peg_xpath1_0.grammar; sourceTree = "<group>"; };
		D383A319187F6EB8006AE701 /* XPAssembler.m */ = {isa = PBXFileReference; fileEncoding = 4; lastKnownFileType = sourcecode.c.objc; name = XPAssembler.m; path = src/XPAssembler.m; sourceTree = "<group>"; };
		D383A31B187F6ECB006AE701 /* XPAssembler.h */ = {isa = PBXFileReference; fileEncoding = 4; lastKnownFileType = sourcecode.c.h; name = XPAssembler.h; path = src/XPAssembler.h; sourceTree = "<group>"; };
		D383A31D187F748E006AE701 /* XPEGParser.h */ = {isa = PBXFileReference; fileEncoding = 4; lastKnownFileType = sourcecode.c.h; name = XPEGParser.h; path = src/XPEGParser.h; sourceTree = "<group>"; };
		D383A31E187F748E006AE701 /* XPEGParser.m */ = {isa = PBXFileReference; fileEncoding = 4; lastKnownFileType = sourcecode.c.objc; name = XPEGParser.m; path = src/XPEGParser.m; sourceTree = "<group>"; };
		D3A5DB44141E7BC30081FBB4 /* XPath_Prefix.pch */ = {isa = PBXFileReference; fileEncoding = 4; lastKnownFileType = sourcecode.c.h; path = XPath_Prefix.pch; sourceTree = "<group>"; };
		D3A5DB59141E7C270081FBB4 /* XPath.h */ = {isa = PBXFileReference; fileEncoding = 4; lastKnownFileType = sourcecode.c.h; name = XPath.h; path = include/XPath/XPath.h; sourceTree = "<group>"; };
		D3A5DB5B141E7C460081FBB4 /* XPContext.h */ = {isa = PBXFileReference; fileEncoding = 4; lastKnownFileType = sourcecode.c.h; name = XPContext.h; path = include/XPath/XPContext.h; sourceTree = "<group>"; };
		D3A5DB5C141E7C460081FBB4 /* XPLastPositionFinder.h */ = {isa = PBXFileReference; fileEncoding = 4; lastKnownFileType = sourcecode.c.h; name = XPLastPositionFinder.h; path = include/XPath/XPLastPositionFinder.h; sourceTree = "<group>"; };
		D3A5DB5D141E7C460081FBB4 /* XPNodeInfo.h */ = {isa = PBXFileReference; fileEncoding = 4; lastKnownFileType = sourcecode.c.h; name = XPNodeInfo.h; path = include/XPath/XPNodeInfo.h; sourceTree = "<group>"; };
		D3A5DB5E141E7C460081FBB4 /* XPStaticContext.h */ = {isa = PBXFileReference; fileEncoding = 4; lastKnownFileType = sourcecode.c.h; name = XPStaticContext.h; path = include/XPath/XPStaticContext.h; sourceTree = "<group>"; };
		D3A5DB63141E7C630081FBB4 /* XPController.h */ = {isa = PBXFileReference; fileEncoding = 4; lastKnownFileType = sourcecode.c.h; name = XPController.h; path = include/XPath/XPController.h; sourceTree = "<group>"; };
		D3A5DB65141E7C6B0081FBB4 /* XPNodeEnumeration.h */ = {isa = PBXFileReference; fileEncoding = 4; lastKnownFileType = sourcecode.c.h; name = XPNodeEnumeration.h; path = include/XPath/XPNodeEnumeration.h; sourceTree = "<group>"; };
		D3A5DB67141E7C860081FBB4 /* FNBoolean.h */ = {isa = PBXFileReference; fileEncoding = 4; lastKnownFileType = sourcecode.c.h; name = FNBoolean.h; path = include/XPath/FNBoolean.h; sourceTree = "<group>"; };
		D3A5DB68141E7C860081FBB4 /* FNCeiling.h */ = {isa = PBXFileReference; fileEncoding = 4; lastKnownFileType = sourcecode.c.h; name = FNCeiling.h; path = include/XPath/FNCeiling.h; sourceTree = "<group>"; };
		D3A5DB69141E7C860081FBB4 /* FNConcat.h */ = {isa = PBXFileReference; fileEncoding = 4; lastKnownFileType = sourcecode.c.h; name = FNConcat.h; path = include/XPath/FNConcat.h; sourceTree = "<group>"; };
		D3A5DB6A141E7C860081FBB4 /* FNContains.h */ = {isa = PBXFileReference; fileEncoding = 4; lastKnownFileType = sourcecode.c.h; name = FNContains.h; path = include/XPath/FNContains.h; sourceTree = "<group>"; };
		D3A5DB6B141E7C860081FBB4 /* FNCount.h */ = {isa = PBXFileReference; fileEncoding = 4; lastKnownFileType = sourcecode.c.h; name = FNCount.h; path = include/XPath/FNCount.h; sourceTree = "<group>"; };
		D3A5DB6C141E7C860081FBB4 /* FNEndsWith.h */ = {isa = PBXFileReference; fileEncoding = 4; lastKnownFileType = sourcecode.c.h; name = FNEndsWith.h; path = include/XPath/FNEndsWith.h; sourceTree = "<group>"; };
		D3A5DB6D141E7C860081FBB4 /* FNFloor.h */ = {isa = PBXFileReference; fileEncoding = 4; lastKnownFileType = sourcecode.c.h; name = FNFloor.h; path = include/XPath/FNFloor.h; sourceTree = "<group>"; };
		D3A5DB6E141E7C860081FBB4 /* FNLast.h */ = {isa = PBXFileReference; fileEncoding = 4; lastKnownFileType = sourcecode.c.h; name = FNLast.h; path = include/XPath/FNLast.h; sourceTree = "<group>"; };
		D3A5DB6F141E7C860081FBB4 /* FNNot.h */ = {isa = PBXFileReference; fileEncoding = 4; lastKnownFileType = sourcecode.c.h; name = FNNot.h; path = include/XPath/FNNot.h; sourceTree = "<group>"; };
		D3A5DB70141E7C860081FBB4 /* FNNumber.h */ = {isa = PBXFileReference; fileEncoding = 4; lastKnownFileType = sourcecode.c.h; name = FNNumber.h; path = include/XPath/FNNumber.h; sourceTree = "<group>"; };
		D3A5DB71141E7C860081FBB4 /* FNPosition.h */ = {isa = PBXFileReference; fileEncoding = 4; lastKnownFileType = sourcecode.c.h; name = FNPosition.h; path = include/XPath/FNPosition.h; sourceTree = "<group>"; };
		D3A5DB72141E7C860081FBB4 /* FNRound.h */ = {isa = PBXFileReference; fileEncoding = 4; lastKnownFileType = sourcecode.c.h; name = FNRound.h; path = include/XPath/FNRound.h; sourceTree = "<group>"; };
		D3A5DB73141E7C860081FBB4 /* FNStartsWith.h */ = {isa = PBXFileReference; fileEncoding = 4; lastKnownFileType = sourcecode.c.h; name = FNStartsWith.h; path = include/XPath/FNStartsWith.h; sourceTree = "<group>"; };
		D3A5DB74141E7C860081FBB4 /* FNString.h */ = {isa = PBXFileReference; fileEncoding = 4; lastKnownFileType = sourcecode.c.h; name = FNString.h; path = include/XPath/FNString.h; sourceTree = "<group>"; };
		D3A5DB75141E7C870081FBB4 /* FNStringLength.h */ = {isa = PBXFileReference; fileEncoding = 4; lastKnownFileType = sourcecode.c.h; name = FNStringLength.h; path = include/XPath/FNStringLength.h; sourceTree = "<group>"; };
		D3A5DB76141E7C870081FBB4 /* FNSubstring.h */ = {isa = PBXFileReference; fileEncoding = 4; lastKnownFileType = sourcecode.c.h; name = FNSubstring.h; path = include/XPath/FNSubstring.h; sourceTree = "<group>"; };
		D3A5DB77141E7C870081FBB4 /* FNSubstringAfter.h */ = {isa = PBXFileReference; fileEncoding = 4; lastKnownFileType = sourcecode.c.h; name = FNSubstringAfter.h; path = include/XPath/FNSubstringAfter.h; sourceTree = "<group>"; };
		D3A5DB78141E7C870081FBB4 /* FNSubstringBefore.h */ = {isa = PBXFileReference; fileEncoding = 4; lastKnownFileType = sourcecode.c.h; name = FNSubstringBefore.h; path = include/XPath/FNSubstringBefore.h; sourceTree = "<group>"; };
		D3A5DB79141E7C870081FBB4 /* FNSum.h */ = {isa = PBXFileReference; fileEncoding = 4; lastKnownFileType = sourcecode.c.h; name = FNSum.h; path = include/XPath/FNSum.h; sourceTree = "<group>"; };
		D3A5DB98141E7D1A0081FBB4 /* XPSortable.h */ = {isa = PBXFileReference; fileEncoding = 4; lastKnownFileType = sourcecode.c.h; name = XPSortable.h; path = include/XPath/XPSortable.h; sourceTree = "<group>"; };
		D3A5DBAD141E7D230081FBB4 /* XPComparer.h */ = {isa = PBXFileReference; fileEncoding = 4; lastKnownFileType = sourcecode.c.h; name = XPComparer.h; path = include/XPath/XPComparer.h; sourceTree = "<group>"; };
		D3A5DBAE141E7D230081FBB4 /* XPDescendingComparer.h */ = {isa = PBXFileReference; fileEncoding = 4; lastKnownFileType = sourcecode.c.h; name = XPDescendingComparer.h; path = include/XPath/XPDescendingComparer.h; sourceTree = "<group>"; };
		D3A5DBC8141E7D510081FBB4 /* XPExpression.h */ = {isa = PBXFileReference; fileEncoding = 4; lastKnownFileType = sourcecode.c.h; name = XPExpression.h; path = include/XPath/XPExpression.h; sourceTree = "<group>"; };
		D3A5DBCA141E7D570081FBB4 /* XPValue.h */ = {isa = PBXFileReference; fileEncoding = 4; lastKnownFileType = sourcecode.c.h; name = XPValue.h; path = include/XPath/XPValue.h; sourceTree = "<group>"; };
		D3A5DBCC141E7D5F0081FBB4 /* XPBooleanValue.h */ = {isa = PBXFileReference; fileEncoding = 4; lastKnownFileType = sourcecode.c.h; name = XPBooleanValue.h; path = include/XPath/XPBooleanValue.h; sourceTree = "<group>"; };
		D3A5DBCE141E7D680081FBB4 /* XPNumericValue.h */ = {isa = PBXFileReference; fileEncoding = 4; lastKnownFileType = sourcecode.c.h; name = XPNumericValue.h; path = include/XPath/XPNumericValue.h; sourceTree = "<group>"; };
		D3A5DBD0141E7D6F0081FBB4 /* XPStringValue.h */ = {isa = PBXFileReference; fileEncoding = 4; lastKnownFileType = sourcecode.c.h; name = XPStringValue.h; path = include/XPath/XPStringValue.h; sourceTree = "<group>"; };
		D3A5DBD2141E7D770081FBB4 /* XPNodeSetValue.h */ = {isa = PBXFileReference; fileEncoding = 4; lastKnownFileType = sourcecode.c.h; name = XPNodeSetValue.h; path = include/XPath/XPNodeSetValue.h; sourceTree = "<group>"; };
		D3A5DBD4141E7D7C0081FBB4 /* XPNodeSetIntent.h */ = {isa = PBXFileReference; fileEncoding = 4; lastKnownFileType = sourcecode.c.h; name = XPNodeSetIntent.h; path = include/XPath/XPNodeSetIntent.h; sourceTree = "<group>"; };
		D3A5DBD6141E7D800081FBB4 /* XPNodeSetExtent.h */ = {isa = PBXFileReference; fileEncoding = 4; lastKnownFileType = sourcecode.c.h; name = XPNodeSetExtent.h; path = include/XPath/XPNodeSetExtent.h; sourceTree = "<group>"; };
		D3A5DBD8141E7D860081FBB4 /* XPSingletonNodeSet.h */ = {isa = PBXFileReference; fileEncoding = 4; lastKnownFileType = sourcecode.c.h; name = XPSingletonNodeSet.h; path = include/XPath/XPSingletonNodeSet.h; sourceTree = "<group>"; };
		D3A5DBDA141E7D910081FBB4 /* XPObjectValue.h */ = {isa = PBXFileReference; fileEncoding = 4; lastKnownFileType = sourcecode.c.h; name = XPObjectValue.h; path = include/XPath/XPObjectValue.h; sourceTree = "<group>"; };
		D3A5DBDC141E7D980081FBB4 /* XPBinaryExpression.h */ = {isa = PBXFileReference; fileEncoding = 4; lastKnownFileType = sourcecode.c.h; name = XPBinaryExpression.h; path = include/XPath/XPBinaryExpression.h; sourceTree = "<group>"; };
		D3A5DBDE141E7DA20081FBB4 /* XPBooleanExpression.h */ = {isa = PBXFileReference; fileEncoding = 4; lastKnownFileType = sourcecode.c.h; name = XPBooleanExpression.h; path = include/XPath/XPBooleanExpression.h; sourceTree = "<group>"; };
		D3A5DBE0141E7DA90081FBB4 /* XPRelationalExpression.h */ = {isa = PBXFileReference; fileEncoding = 4; lastKnownFileType = sourcecode.c.h; name = XPRelationalExpression.h; path = include/XPath/XPRelationalExpression.h; sourceTree = "<group>"; };
		D3A5DBE2141E7DB40081FBB4 /* XPArithmeticExpression.h */ = {isa = PBXFileReference; fileEncoding = 4; lastKnownFileType = sourcecode.c.h; name = XPArithmeticExpression.h; path = include/XPath/XPArithmeticExpression.h; sourceTree = "<group>"; };
		D3A5DBE4141E7DBC0081FBB4 /* XPFunction.h */ = {isa = PBXFileReference; fileEncoding = 4; lastKnownFileType = sourcecode.c.h; name = XPFunction.h; path = include/XPath/XPFunction.h; sourceTree = "<group>"; };
		D3A5DBE6141E7DC40081FBB4 /* XPNodeSetExpression.h */ = {isa = PBXFileReference; fileEncoding = 4; lastKnownFileType = sourcecode.c.h; name = XPNodeSetExpression.h; path = include/XPath/XPNodeSetExpression.h; sourceTree = "<group>"; };
		D3A5DBE8141E7DCB0081FBB4 /* XPParentNodeExpression.h */ = {isa = PBXFileReference; fileEncoding = 4; lastKnownFileType = sourcecode.c.h; name = XPParentNodeExpression.h; path = include/XPath/XPParentNodeExpression.h; sourceTree = "<group>"; };
		D3A5DBEA141E7DCF0081FBB4 /* XPSingletonExpression.h */ = {isa = PBXFileReference; fileEncoding = 4; lastKnownFileType = sourcecode.c.h; name = XPSingletonExpression.h; path = include/XPath/XPSingletonExpression.h; sourceTree = "<group>"; };
		D3A6C2E31907391200F3EFF3 /* XPAxis.m */ = {isa = PBXFileReference; fileEncoding = 4; lastKnownFileType = sourcecode.c.objc; name = XPAxis.m; path = src/XPAxis.m; sourceTree = "<group>"; };
		D3A6C2E919073B4700F3EFF3 /* XPStepTest.m */ = {isa = PBXFileReference; fileEncoding = 4; lastKnownFileType = sourcecode.c.objc; name = XPStepTest.m; path = test/XPStepTest.m; sourceTree = "<group>"; };
		D3A6C2EB19073D4900F3EFF3 /* XCTest.framework */ = {isa = PBXFileReference; lastKnownFileType = wrapper.framework; name = XCTest.framework; path = Library/Frameworks/XCTest.framework; sourceTree = DEVELOPER_DIR; };
		D3A6C2ED1907413800F3EFF3 /* XPStep.h */ = {isa = PBXFileReference; fileEncoding = 4; lastKnownFileType = sourcecode.c.h; name = XPStep.h; path = src/XPStep.h; sourceTree = "<group>"; };
		D3A6C2EE1907413800F3EFF3 /* XPStep.m */ = {isa = PBXFileReference; fileEncoding = 4; lastKnownFileType = sourcecode.c.objc; name = XPStep.m; path = src/XPStep.m; sourceTree = "<group>"; };
		D3A6C2F11907457500F3EFF3 /* XPNodeTypeTest.h */ = {isa = PBXFileReference; fileEncoding = 4; lastKnownFileType = sourcecode.c.h; name = XPNodeTypeTest.h; path = src/XPNodeTypeTest.h; sourceTree = "<group>"; };
		D3A6C2F21907457500F3EFF3 /* XPNodeTypeTest.m */ = {isa = PBXFileReference; fileEncoding = 4; lastKnownFileType = sourcecode.c.objc; name = XPNodeTypeTest.m; path = src/XPNodeTypeTest.m; sourceTree = "<group>"; };
		D3A6C2F51907568100F3EFF3 /* XPAxis.h */ = {isa = PBXFileReference; fileEncoding = 4; lastKnownFileType = sourcecode.c.h; name = XPAxis.h; path = include/XPath/XPAxis.h; sourceTree = "<group>"; };
		D3A6C2F7190756FC00F3EFF3 /* XPAxisEnumeration.h */ = {isa = PBXFileReference; lastKnownFileType = sourcecode.c.h; name = XPAxisEnumeration.h; path = src/XPAxisEnumeration.h; sourceTree = "<group>"; };
		D3AC84540F60C7EC00392CB4 /* XPExpression.m */ = {isa = PBXFileReference; fileEncoding = 4; lastKnownFileType = sourcecode.c.objc; name = XPExpression.m; path = src/XPExpression.m; sourceTree = "<group>"; };
		D3AC85B70F60D13200392CB4 /* Foundation.framework */ = {isa = PBXFileReference; lastKnownFileType = wrapper.framework; name = Foundation.framework; path = /System/Library/Frameworks/Foundation.framework; sourceTree = "<absolute>"; };
		D3C177F51880EE2E00F90600 /* XPEGParserFilterExprTest.h */ = {isa = PBXFileReference; fileEncoding = 4; lastKnownFileType = sourcecode.c.h; name = XPEGParserFilterExprTest.h; path = test/XPEGParserFilterExprTest.h; sourceTree = "<group>"; };
		D3C177F61880EE2E00F90600 /* XPEGParserFilterExprTest.m */ = {isa = PBXFileReference; fileEncoding = 4; lastKnownFileType = sourcecode.c.objc; name = XPEGParserFilterExprTest.m; path = test/XPEGParserFilterExprTest.m; sourceTree = "<group>"; };
		D3C177FF1880EF4900F90600 /* XPEGParserLocationPathTest.h */ = {isa = PBXFileReference; fileEncoding = 4; lastKnownFileType = sourcecode.c.h; name = XPEGParserLocationPathTest.h; path = test/XPEGParserLocationPathTest.h; sourceTree = "<group>"; };
		D3C178001880EF4900F90600 /* XPEGParserLocationPathTest.m */ = {isa = PBXFileReference; fileEncoding = 4; lastKnownFileType = sourcecode.c.objc; name = XPEGParserLocationPathTest.m; path = test/XPEGParserLocationPathTest.m; sourceTree = "<group>"; };
		D3C178221884472800F90600 /* XPAxisExpression.m */ = {isa = PBXFileReference; fileEncoding = 4; lastKnownFileType = sourcecode.c.objc; name = XPAxisExpression.m; path = src/XPAxisExpression.m; sourceTree = "<group>"; };
		D3C178251884473B00F90600 /* XPAxisExpression.h */ = {isa = PBXFileReference; fileEncoding = 4; lastKnownFileType = sourcecode.c.h; name = XPAxisExpression.h; path = include/XPath/XPAxisExpression.h; sourceTree = "<group>"; };
		D3C1782918844C7D00F90600 /* XPPattern.m */ = {isa = PBXFileReference; fileEncoding = 4; lastKnownFileType = sourcecode.c.objc; name = XPPattern.m; path = src/XPPattern.m; sourceTree = "<group>"; };
		D3C1782D18844C9200F90600 /* XPNodeTest.m */ = {isa = PBXFileReference; fileEncoding = 4; lastKnownFileType = sourcecode.c.objc; name = XPNodeTest.m; path = src/XPNodeTest.m; sourceTree = "<group>"; };
		D3C1783118844C9F00F90600 /* XPNameTest.m */ = {isa = PBXFileReference; fileEncoding = 4; lastKnownFileType = sourcecode.c.objc; name = XPNameTest.m; path = src/XPNameTest.m; sourceTree = "<group>"; };
		D3C1783518844CC500F90600 /* XPNamespaceTest.m */ = {isa = PBXFileReference; fileEncoding = 4; lastKnownFileType = sourcecode.c.objc; name = XPNamespaceTest.m; path = src/XPNamespaceTest.m; sourceTree = "<group>"; };
		D3C1783818844D0300F90600 /* XPNamespaceTest.h */ = {isa = PBXFileReference; fileEncoding = 4; lastKnownFileType = sourcecode.c.h; name = XPNamespaceTest.h; path = include/XPath/XPNamespaceTest.h; sourceTree = "<group>"; };
		D3C1783918844D0300F90600 /* XPNameTest.h */ = {isa = PBXFileReference; fileEncoding = 4; lastKnownFileType = sourcecode.c.h; name = XPNameTest.h; path = include/XPath/XPNameTest.h; sourceTree = "<group>"; };
		D3C1783A18844D0300F90600 /* XPNodeTest.h */ = {isa = PBXFileReference; fileEncoding = 4; lastKnownFileType = sourcecode.c.h; name = XPNodeTest.h; path = include/XPath/XPNodeTest.h; sourceTree = "<group>"; };
		D3C1783B18844D0300F90600 /* XPPattern.h */ = {isa = PBXFileReference; fileEncoding = 4; lastKnownFileType = sourcecode.c.h; name = XPPattern.h; path = include/XPath/XPPattern.h; sourceTree = "<group>"; };
		D3C7983719060D0800EC8CB2 /* PEGKit.xcodeproj */ = {isa = PBXFileReference; lastKnownFileType = "wrapper.pb-project"; name = PEGKit.xcodeproj; path = lib/pegkit/PEGKit.xcodeproj; sourceTree = "<group>"; };
/* End PBXFileReference section */

/* Begin PBXFrameworksBuildPhase section */
		8DC2EF560486A6940098B216 /* Frameworks */ = {
			isa = PBXFrameworksBuildPhase;
			buildActionMask = 2147483647;
			files = (
				D3C7984B19060EC700EC8CB2 /* PEGKit.framework in Frameworks */,
				D3AC85B80F60D13200392CB4 /* Foundation.framework in Frameworks */,
			);
			runOnlyForDeploymentPostprocessing = 0;
		};
		D33639CE100DAA9400AC4B51 /* Frameworks */ = {
			isa = PBXFrameworksBuildPhase;
			buildActionMask = 2147483647;
			files = (
				D3A6C2EC19073D4900F3EFF3 /* XCTest.framework in Frameworks */,
				D33639E4100DACDF00AC4B51 /* XPath.framework in Frameworks */,
			);
			runOnlyForDeploymentPostprocessing = 0;
		};
/* End PBXFrameworksBuildPhase section */

/* Begin PBXGroup section */
		034768DFFF38A50411DB9C8B /* Products */ = {
			isa = PBXGroup;
			children = (
				8DC2EF5B0486A6940098B216 /* XPath.framework */,
				D33639D1100DAA9400AC4B51 /* Tests.xctest */,
			);
			name = Products;
			sourceTree = "<group>";
		};
		0867D691FE84028FC02AAC07 /* Exedore */ = {
			isa = PBXGroup;
			children = (
				D3C7983719060D0800EC8CB2 /* PEGKit.xcodeproj */,
				D33639CB100DAA6B00AC4B51 /* XPath Tests */,
				08FB77AEFE84172EC02AAC07 /* XPath Framework */,
				32C88DFF0371C24200C91783 /* Other Sources */,
				089C1665FE841158C02AAC07 /* Resources */,
				0867D69AFE84028FC02AAC07 /* External Frameworks and Libraries */,
				034768DFFF38A50411DB9C8B /* Products */,
			);
			name = Exedore;
			sourceTree = "<group>";
		};
		0867D69AFE84028FC02AAC07 /* External Frameworks and Libraries */ = {
			isa = PBXGroup;
			children = (
				D3A6C2EB19073D4900F3EFF3 /* XCTest.framework */,
				D3AC85B70F60D13200392CB4 /* Foundation.framework */,
			);
			name = "External Frameworks and Libraries";
			sourceTree = "<group>";
		};
		089C1665FE841158C02AAC07 /* Resources */ = {
			isa = PBXGroup;
			children = (
				D383A315187F4E97006AE701 /* peg_xpath1_0.grammar */,
				8DC2EF5A0486A6940098B216 /* Info.plist */,
				D33639D2100DAA9400AC4B51 /* Tests-Info.plist */,
				089C1666FE841158C02AAC07 /* InfoPlist.strings */,
			);
			name = Resources;
			sourceTree = "<group>";
		};
		08FB77AEFE84172EC02AAC07 /* XPath Framework */ = {
			isa = PBXGroup;
			children = (
				D317223C190DAAB1005C633B /* NSXML */,
				D3BA9B29101C233B003C0040 /* private */,
				D3A5DB59141E7C270081FBB4 /* XPath.h */,
				D33E9F8D1916E61900BB7DFE /* XPUtils.h */,
				D33E9F8A1916E60C00BB7DFE /* XPUtils.m */,
				D3A5DB5E141E7C460081FBB4 /* XPStaticContext.h */,
				D33E9F811916E0E000BB7DFE /* XPStandaloneContext.h */,
				D33E9F821916E0E000BB7DFE /* XPStandaloneContext.m */,
				D3A5DB5D141E7C460081FBB4 /* XPNodeInfo.h */,
				D3A5DB5C141E7C460081FBB4 /* XPLastPositionFinder.h */,
				D3A5DB5B141E7C460081FBB4 /* XPContext.h */,
				D37A2F741015812800E936B7 /* XPContext.m */,
				D3A5DB63141E7C630081FBB4 /* XPController.h */,
				D36BC059101BF5B100D1A6C7 /* XPController.m */,
				D3A5DB65141E7C6B0081FBB4 /* XPNodeEnumeration.h */,
				D3C1782718844C5F00F90600 /* Pattern */,
				D37A29661013F36300E936B7 /* Functions */,
				D312AE72103A699C0098934C /* Sort */,
				D37A295E1013F34C00E936B7 /* Expr */,
			);
			name = "XPath Framework";
			sourceTree = "<group>";
		};
		32C88DFF0371C24200C91783 /* Other Sources */ = {
			isa = PBXGroup;
			children = (
				D3A5DB44141E7BC30081FBB4 /* XPath_Prefix.pch */,
			);
			name = "Other Sources";
			sourceTree = "<group>";
		};
		D312AE72103A699C0098934C /* Sort */ = {
			isa = PBXGroup;
			children = (
				D3A5DB98141E7D1A0081FBB4 /* XPSortable.h */,
				D3A5DBAD141E7D230081FBB4 /* XPComparer.h */,
				D312AE78103A6A290098934C /* XPComparer.m */,
				D3A5DBAE141E7D230081FBB4 /* XPDescendingComparer.h */,
				D312AE7D103A6C700098934C /* XPDescendingComparer.m */,
				D3010D71141F2E5E0034B801 /* XPDoubleComparer.h */,
				D3010D6F141F2E4B0034B801 /* XPDoubleComparer.m */,
			);
			name = Sort;
			sourceTree = "<group>";
		};
		D317223C190DAAB1005C633B /* NSXML */ = {
			isa = PBXGroup;
			children = (
				D317223D190DAAD9005C633B /* XPNSXMLNodeImpl.h */,
				D317223E190DAAD9005C633B /* XPNSXMLNodeImpl.m */,
			);
			name = NSXML;
			sourceTree = "<group>";
		};
		D33639CB100DAA6B00AC4B51 /* XPath Tests */ = {
			isa = PBXGroup;
			children = (
				D33639DB100DAB8C00AC4B51 /* XPTestScaffold.h */,
				D33639DA100DAB8C00AC4B51 /* XPTestScaffold.m */,
				D3366B0C188051D9008C4144 /* Parser */,
				D37A2A16101400A500E936B7 /* Expr */,
				D37A2A17101400AD00E936B7 /* Fn */,
			);
			name = "XPath Tests";
			sourceTree = "<group>";
		};
		D3366B0C188051D9008C4144 /* Parser */ = {
			isa = PBXGroup;
			children = (
				D3C177F51880EE2E00F90600 /* XPEGParserFilterExprTest.h */,
				D3C177F61880EE2E00F90600 /* XPEGParserFilterExprTest.m */,
				D3366B02188051D6008C4144 /* XPEGParserStepTest.h */,
				D3366B03188051D6008C4144 /* XPEGParserStepTest.m */,
				D3C177FF1880EF4900F90600 /* XPEGParserLocationPathTest.h */,
				D3C178001880EF4900F90600 /* XPEGParserLocationPathTest.m */,
			);
			name = Parser;
			sourceTree = "<group>";
		};
		D37A295E1013F34C00E936B7 /* Expr */ = {
			isa = PBXGroup;
			children = (
				D3A5DBC8141E7D510081FBB4 /* XPExpression.h */,
				D3AC84540F60C7EC00392CB4 /* XPExpression.m */,
				D3C178171884468500F90600 /* Value */,
				D3C1781F1884469600F90600 /* Binary Expr */,
				D3C17820188446E100F90600 /* Location Path */,
				D3A5DBE4141E7DBC0081FBB4 /* XPFunction.h */,
				D37A29681013F39400E936B7 /* XPFunction.m */,
				D3A5DBEA141E7DCF0081FBB4 /* XPSingletonExpression.h */,
				D36BC031101BF52F00D1A6C7 /* XPSingletonExpression.m */,
				D3A5DBE8141E7DCB0081FBB4 /* XPParentNodeExpression.h */,
				D36BC030101BF52F00D1A6C7 /* XPParentNodeExpression.m */,
			);
			name = Expr;
			sourceTree = "<group>";
		};
		D37A29661013F36300E936B7 /* Functions */ = {
			isa = PBXGroup;
			children = (
				D3A5DB67141E7C860081FBB4 /* FNBoolean.h */,
				D37A2A191014015E00E936B7 /* FNBoolean.m */,
				D3A5DB68141E7C860081FBB4 /* FNCeiling.h */,
				D37A2CAA10142D8E00E936B7 /* FNCeiling.m */,
				D3A5DB69141E7C860081FBB4 /* FNConcat.h */,
				D37A2D00101433C600E936B7 /* FNConcat.m */,
				D3A5DB6A141E7C860081FBB4 /* FNContains.h */,
				D37A2E7B10156BF000E936B7 /* FNContains.m */,
				D3A5DB6B141E7C860081FBB4 /* FNCount.h */,
				D37A2D621014393D00E936B7 /* FNCount.m */,
				D3A5DB6C141E7C860081FBB4 /* FNEndsWith.h */,
				D37A306E1015952F00E936B7 /* FNEndsWith.m */,
				D3A5DB6D141E7C860081FBB4 /* FNFloor.h */,
				D37A2F0B101574B200E936B7 /* FNFloor.m */,
				D3A5DB6E141E7C860081FBB4 /* FNLast.h */,
				D37A2F2910157F5400E936B7 /* FNLast.m */,
				D3A5DB6F141E7C860081FBB4 /* FNNot.h */,
				D37A29A21013F95100E936B7 /* FNNot.m */,
				D3A5DB70141E7C860081FBB4 /* FNNumber.h */,
				D37A31191015A6DA00E936B7 /* FNNumber.m */,
				D3A5DB71141E7C860081FBB4 /* FNPosition.h */,
				D37A2F3910157F9100E936B7 /* FNPosition.m */,
				D3A5DB72141E7C860081FBB4 /* FNRound.h */,
				D37A2FD610158A0600E936B7 /* FNRound.m */,
				D3A5DB73141E7C860081FBB4 /* FNStartsWith.h */,
				D37A2FFB10158DA900E936B7 /* FNStartsWith.m */,
				D3A5DB74141E7C860081FBB4 /* FNString.h */,
				D37A2FFF10158DB300E936B7 /* FNString.m */,
				D3A5DB75141E7C870081FBB4 /* FNStringLength.h */,
				D37A300310158DC200E936B7 /* FNStringLength.m */,
				D3A5DB76141E7C870081FBB4 /* FNSubstring.h */,
				D37A300710158DD700E936B7 /* FNSubstring.m */,
				D3A5DB77141E7C870081FBB4 /* FNSubstringAfter.h */,
				D37A300B10158DE500E936B7 /* FNSubstringAfter.m */,
				D3A5DB78141E7C870081FBB4 /* FNSubstringBefore.h */,
				D37A300F10158DEF00E936B7 /* FNSubstringBefore.m */,
				D3A5DB79141E7C870081FBB4 /* FNSum.h */,
				D37A301310158E0100E936B7 /* FNSum.m */,
			);
			name = Functions;
			sourceTree = "<group>";
		};
		D37A2A16101400A500E936B7 /* Expr */ = {
			isa = PBXGroup;
			children = (
				D33639F5100DB15700AC4B51 /* XPValueTest.m */,
				D33639D8100DAB5700AC4B51 /* XPBooleanValueTest.m */,
				D36C6770101059CE000361A0 /* XPNumericValueTest.m */,
				D36C678210105EBE000361A0 /* XPStringValueTest.m */,
				D37A27F4101304EF00E936B7 /* XPBooleanExprTest.m */,
				D3172236190D8FE6005C633B /* XPEqualityExprTest.m */,
				D3A6C2E919073B4700F3EFF3 /* XPStepTest.m */,
			);
			name = Expr;
			sourceTree = "<group>";
		};
		D37A2A17101400AD00E936B7 /* Fn */ = {
			isa = PBXGroup;
			children = (
				D37A2B97101418EC00E936B7 /* FNBooleanTest.m */,
				D37A2CD810142EC100E936B7 /* FNCeilingTest.h */,
				D37A2CD910142EC100E936B7 /* FNCeilingTest.m */,
				D37A2D23101436CE00E936B7 /* FNConcatTest.h */,
				D37A2D24101436CE00E936B7 /* FNConcatTest.m */,
				D37A2EAA10156F5700E936B7 /* FNContainsTest.h */,
				D37A2EAB10156F5700E936B7 /* FNContainsTest.m */,
				D37A3073101595F400E936B7 /* FNEndsWithTest.h */,
				D37A3074101595F400E936B7 /* FNEndsWithTest.m */,
				D37A2ED51015724700E936B7 /* FNFloorTest.h */,
				D37A2ED61015724700E936B7 /* FNFloorTest.m */,
				D37A299B1013F87900E936B7 /* FNNotTest.h */,
				D37A299C1013F87900E936B7 /* FNNotTest.m */,
				D37A311E1015A74D00E936B7 /* FNNumberTest.h */,
				D37A311F1015A74D00E936B7 /* FNNumberTest.m */,
				D37A2FDC10158BE200E936B7 /* FNRoundTest.h */,
				D37A2FDD10158BE200E936B7 /* FNRoundTest.m */,
				D37A3076101595FD00E936B7 /* FNStartsWithTest.h */,
				D37A3077101595FD00E936B7 /* FNStartsWithTest.m */,
				D37A30C410159A5400E936B7 /* FNStringTest.h */,
				D37A30C510159A5400E936B7 /* FNStringTest.m */,
				D37A31831016A34C00E936B7 /* FNStringLengthTest.h */,
				D37A31841016A34C00E936B7 /* FNStringLengthTest.m */,
				D37A31BD1016A7B000E936B7 /* FNSubstringTest.h */,
				D37A31BE1016A7B000E936B7 /* FNSubstringTest.m */,
				D37A320A1016C37400E936B7 /* FNSubstringAfterTest.h */,
				D37A320B1016C37400E936B7 /* FNSubstringAfterTest.m */,
				D37A320D1016C38000E936B7 /* FNSubstringBeforeTest.h */,
				D37A320E1016C38000E936B7 /* FNSubstringBeforeTest.m */,
			);
			name = Fn;
			sourceTree = "<group>";
		};
		D3BA9B29101C233B003C0040 /* private */ = {
			isa = PBXGroup;
			children = (
				D383A31D187F748E006AE701 /* XPEGParser.h */,
				D383A31E187F748E006AE701 /* XPEGParser.m */,
				D383A31B187F6ECB006AE701 /* XPAssembler.h */,
				D383A319187F6EB8006AE701 /* XPAssembler.m */,
				D37A2BDB10141E7C00E936B7 /* NSError+XPAdditions.h */,
				D37A296C1013F57D00E936B7 /* NSError+XPAdditions.m */,
			);
			name = private;
			sourceTree = "<group>";
		};
		D3C178171884468500F90600 /* Value */ = {
			isa = PBXGroup;
			children = (
				D3A5DBCA141E7D570081FBB4 /* XPValue.h */,
				D34BADF7100ABA9300996341 /* XPValue.m */,
				D3A5DBCC141E7D5F0081FBB4 /* XPBooleanValue.h */,
				D34BADF3100ABA7C00996341 /* XPBooleanValue.m */,
				D3A5DBCE141E7D680081FBB4 /* XPNumericValue.h */,
				D336381A100C6E2800AC4B51 /* XPNumericValue.m */,
				D3A5DBD0141E7D6F0081FBB4 /* XPStringValue.h */,
				D336381E100C6E4400AC4B51 /* XPStringValue.m */,
				D3A5DBD2141E7D770081FBB4 /* XPNodeSetValue.h */,
				D3363815100C6E0400AC4B51 /* XPNodeSetValue.m */,
				D3A5DBD4141E7D7C0081FBB4 /* XPNodeSetIntent.h */,
				D36BC02A101BF50C00D1A6C7 /* XPNodeSetIntent.m */,
				D3A5DBD6141E7D800081FBB4 /* XPNodeSetExtent.h */,
				D36BC02F101BF52F00D1A6C7 /* XPNodeSetExtent.m */,
				D3A5DBD8141E7D860081FBB4 /* XPSingletonNodeSet.h */,
				D336393F100D7EB400AC4B51 /* XPSingletonNodeSet.m */,
				D3A5DBDA141E7D910081FBB4 /* XPObjectValue.h */,
				D3363954100D813500AC4B51 /* XPObjectValue.m */,
			);
			name = Value;
			sourceTree = "<group>";
		};
		D3C1781F1884469600F90600 /* Binary Expr */ = {
			isa = PBXGroup;
			children = (
				D3A5DBDC141E7D980081FBB4 /* XPBinaryExpression.h */,
				D36C679C1010689A000361A0 /* XPBinaryExpression.m */,
				D3A5DBDE141E7DA20081FBB4 /* XPBooleanExpression.h */,
				D37A27E31012FFA600E936B7 /* XPBooleanExpression.m */,
				D3A5DBE0141E7DA90081FBB4 /* XPRelationalExpression.h */,
				D36C679810106874000361A0 /* XPRelationalExpression.m */,
				D3A5DBE2141E7DB40081FBB4 /* XPArithmeticExpression.h */,
				D36C68111010E0FE000361A0 /* XPArithmeticExpression.m */,
			);
			name = "Binary Expr";
			sourceTree = "<group>";
		};
		D3C17820188446E100F90600 /* Location Path */ = {
			isa = PBXGroup;
			children = (
				D3A6C2F51907568100F3EFF3 /* XPAxis.h */,
				D3A6C2E31907391200F3EFF3 /* XPAxis.m */,
				D3A6C2F7190756FC00F3EFF3 /* XPAxisEnumeration.h */,
				D3A5DBE6141E7DC40081FBB4 /* XPNodeSetExpression.h */,
				D36BC02E101BF52F00D1A6C7 /* XPNodeSetExpression.m */,
				D3C178251884473B00F90600 /* XPAxisExpression.h */,
				D3C178221884472800F90600 /* XPAxisExpression.m */,
				D3A6C2ED1907413800F3EFF3 /* XPStep.h */,
				D3A6C2EE1907413800F3EFF3 /* XPStep.m */,
			);
			name = "Location Path";
			sourceTree = "<group>";
		};
		D3C1782718844C5F00F90600 /* Pattern */ = {
			isa = PBXGroup;
			children = (
				D3C1783B18844D0300F90600 /* XPPattern.h */,
				D3C1782918844C7D00F90600 /* XPPattern.m */,
				D3C1783A18844D0300F90600 /* XPNodeTest.h */,
				D3C1782D18844C9200F90600 /* XPNodeTest.m */,
				D3A6C2F11907457500F3EFF3 /* XPNodeTypeTest.h */,
				D3A6C2F21907457500F3EFF3 /* XPNodeTypeTest.m */,
				D3C1783918844D0300F90600 /* XPNameTest.h */,
				D3C1783118844C9F00F90600 /* XPNameTest.m */,
				D3C1783818844D0300F90600 /* XPNamespaceTest.h */,
				D3C1783518844CC500F90600 /* XPNamespaceTest.m */,
			);
			name = Pattern;
			sourceTree = "<group>";
		};
		D3C7983819060D0800EC8CB2 /* Products */ = {
			isa = PBXGroup;
			children = (
				D3C7984019060D0900EC8CB2 /* PEGKit.framework */,
				D3C7984219060D0900EC8CB2 /* libPEGKitOSX.a */,
				D3C7984419060D0900EC8CB2 /* libPEGKitIOS.a */,
				D3C7984619060D0900EC8CB2 /* PEGKitTests.xctest */,
				D3C7984819060D0900EC8CB2 /* ParserGenApp.app */,
			);
			name = Products;
			sourceTree = "<group>";
		};
/* End PBXGroup section */

/* Begin PBXHeadersBuildPhase section */
		8DC2EF500486A6940098B216 /* Headers */ = {
			isa = PBXHeadersBuildPhase;
			buildActionMask = 2147483647;
			files = (
				D3A5DB5A141E7C270081FBB4 /* XPath.h in Headers */,
				D3A5DB45141E7BC30081FBB4 /* XPath_Prefix.pch in Headers */,
				D33E9F831916E0E000BB7DFE /* XPStandaloneContext.h in Headers */,
				D3C1783C18844D0300F90600 /* XPNamespaceTest.h in Headers */,
				D3A5DB5F141E7C460081FBB4 /* XPContext.h in Headers */,
				D3A5DB60141E7C460081FBB4 /* XPLastPositionFinder.h in Headers */,
				D3A5DB61141E7C460081FBB4 /* XPNodeInfo.h in Headers */,
				D3C1783F18844D0300F90600 /* XPPattern.h in Headers */,
				D3A5DB62141E7C460081FBB4 /* XPStaticContext.h in Headers */,
				D383A31F187F748E006AE701 /* XPEGParser.h in Headers */,
				D3A5DB64141E7C630081FBB4 /* XPController.h in Headers */,
				D3A5DB66141E7C6B0081FBB4 /* XPNodeEnumeration.h in Headers */,
				D3A5DB7A141E7C870081FBB4 /* FNBoolean.h in Headers */,
				D3A5DB7B141E7C870081FBB4 /* FNCeiling.h in Headers */,
				D3A5DB7C141E7C870081FBB4 /* FNConcat.h in Headers */,
				D3A5DB7D141E7C870081FBB4 /* FNContains.h in Headers */,
				D3A5DB7E141E7C870081FBB4 /* FNCount.h in Headers */,
				D3A6C2EF1907413800F3EFF3 /* XPStep.h in Headers */,
				D3A5DB7F141E7C870081FBB4 /* FNEndsWith.h in Headers */,
				D3A5DB80141E7C870081FBB4 /* FNFloor.h in Headers */,
				D3A5DB81141E7C870081FBB4 /* FNLast.h in Headers */,
				D3A5DB82141E7C870081FBB4 /* FNNot.h in Headers */,
				D3A5DB83141E7C870081FBB4 /* FNNumber.h in Headers */,
				D3A5DB84141E7C870081FBB4 /* FNPosition.h in Headers */,
				D3A5DB85141E7C870081FBB4 /* FNRound.h in Headers */,
				D3A5DB86141E7C870081FBB4 /* FNStartsWith.h in Headers */,
				D317223F190DAAD9005C633B /* XPNSXMLNodeImpl.h in Headers */,
				D3A6C2F31907457500F3EFF3 /* XPNodeTypeTest.h in Headers */,
				D3A5DB87141E7C870081FBB4 /* FNString.h in Headers */,
				D3A5DB88141E7C870081FBB4 /* FNStringLength.h in Headers */,
				D3A5DB89141E7C870081FBB4 /* FNSubstring.h in Headers */,
				D3C1783D18844D0300F90600 /* XPNameTest.h in Headers */,
				D3A5DB8A141E7C870081FBB4 /* FNSubstringAfter.h in Headers */,
				D3A5DB8B141E7C870081FBB4 /* FNSubstringBefore.h in Headers */,
				D3C1783E18844D0300F90600 /* XPNodeTest.h in Headers */,
				D3A5DB8C141E7C870081FBB4 /* FNSum.h in Headers */,
				D3A5DB99141E7D1A0081FBB4 /* XPSortable.h in Headers */,
				D3A5DBC2141E7D230081FBB4 /* XPComparer.h in Headers */,
				D3A5DBC3141E7D230081FBB4 /* XPDescendingComparer.h in Headers */,
				D3A5DBC9141E7D510081FBB4 /* XPExpression.h in Headers */,
				D3A5DBCB141E7D570081FBB4 /* XPValue.h in Headers */,
				D3A5DBCD141E7D5F0081FBB4 /* XPBooleanValue.h in Headers */,
				D3A5DBCF141E7D680081FBB4 /* XPNumericValue.h in Headers */,
				D3A5DBD1141E7D6F0081FBB4 /* XPStringValue.h in Headers */,
				D3A5DBD3141E7D770081FBB4 /* XPNodeSetValue.h in Headers */,
				D3A5DBD5141E7D7C0081FBB4 /* XPNodeSetIntent.h in Headers */,
				D3A5DBD7141E7D800081FBB4 /* XPNodeSetExtent.h in Headers */,
				D3A5DBD9141E7D860081FBB4 /* XPSingletonNodeSet.h in Headers */,
				D3A5DBDB141E7D910081FBB4 /* XPObjectValue.h in Headers */,
				D3A5DBDD141E7D980081FBB4 /* XPBinaryExpression.h in Headers */,
				D3A5DBDF141E7DA20081FBB4 /* XPBooleanExpression.h in Headers */,
				D3A5DBE1141E7DA90081FBB4 /* XPRelationalExpression.h in Headers */,
				D33E9F8E1916E61900BB7DFE /* XPUtils.h in Headers */,
				D3A6C2F61907568200F3EFF3 /* XPAxis.h in Headers */,
				D3A5DBE3141E7DB40081FBB4 /* XPArithmeticExpression.h in Headers */,
				D383A31C187F6ECB006AE701 /* XPAssembler.h in Headers */,
				D3A5DBE5141E7DBC0081FBB4 /* XPFunction.h in Headers */,
				D3A5DBE7141E7DC40081FBB4 /* XPNodeSetExpression.h in Headers */,
				D3A6C2F8190756FE00F3EFF3 /* XPAxisEnumeration.h in Headers */,
				D3A5DBE9141E7DCB0081FBB4 /* XPParentNodeExpression.h in Headers */,
				D3C178261884473B00F90600 /* XPAxisExpression.h in Headers */,
				D3A5DBEB141E7DCF0081FBB4 /* XPSingletonExpression.h in Headers */,
				D3010D72141F2E5E0034B801 /* XPDoubleComparer.h in Headers */,
			);
			runOnlyForDeploymentPostprocessing = 0;
		};
/* End PBXHeadersBuildPhase section */

/* Begin PBXNativeTarget section */
		8DC2EF4F0486A6940098B216 /* XPath */ = {
			isa = PBXNativeTarget;
			buildConfigurationList = 1DEB91AD08733DA50010E9CD /* Build configuration list for PBXNativeTarget "XPath" */;
			buildPhases = (
				8DC2EF500486A6940098B216 /* Headers */,
				8DC2EF520486A6940098B216 /* Resources */,
				8DC2EF540486A6940098B216 /* Sources */,
				8DC2EF560486A6940098B216 /* Frameworks */,
			);
			buildRules = (
			);
			dependencies = (
				D3C7984A19060EC200EC8CB2 /* PBXTargetDependency */,
			);
			name = XPath;
			productInstallPath = "$(HOME)/Library/Frameworks";
			productName = Exedore;
			productReference = 8DC2EF5B0486A6940098B216 /* XPath.framework */;
			productType = "com.apple.product-type.framework";
		};
		D33639D0100DAA9400AC4B51 /* Tests */ = {
			isa = PBXNativeTarget;
			buildConfigurationList = D33639D5100DAA9500AC4B51 /* Build configuration list for PBXNativeTarget "Tests" */;
			buildPhases = (
				D33639CC100DAA9400AC4B51 /* Resources */,
				D33639CD100DAA9400AC4B51 /* Sources */,
				D33639CE100DAA9400AC4B51 /* Frameworks */,
				D33639CF100DAA9400AC4B51 /* ShellScript */,
			);
			buildRules = (
			);
			dependencies = (
				D33639E3100DACD900AC4B51 /* PBXTargetDependency */,
			);
			name = Tests;
			productName = Tests;
			productReference = D33639D1100DAA9400AC4B51 /* Tests.xctest */;
			productType = "com.apple.product-type.bundle";
		};
/* End PBXNativeTarget section */

/* Begin PBXProject section */
		0867D690FE84028FC02AAC07 /* Project object */ = {
			isa = PBXProject;
			attributes = {
				LastUpgradeCheck = 0500;
			};
			buildConfigurationList = 1DEB91B108733DA50010E9CD /* Build configuration list for PBXProject "XPath" */;
			compatibilityVersion = "Xcode 3.2";
			developmentRegion = English;
			hasScannedForEncodings = 1;
			knownRegions = (
				English,
				Japanese,
				French,
				German,
			);
			mainGroup = 0867D691FE84028FC02AAC07 /* Exedore */;
			productRefGroup = 034768DFFF38A50411DB9C8B /* Products */;
			projectDirPath = "";
			projectReferences = (
				{
					ProductGroup = D3C7983819060D0800EC8CB2 /* Products */;
					ProjectRef = D3C7983719060D0800EC8CB2 /* PEGKit.xcodeproj */;
				},
			);
			projectRoot = "";
			targets = (
				8DC2EF4F0486A6940098B216 /* XPath */,
				D33639D0100DAA9400AC4B51 /* Tests */,
			);
		};
/* End PBXProject section */

/* Begin PBXReferenceProxy section */
		D3C7984019060D0900EC8CB2 /* PEGKit.framework */ = {
			isa = PBXReferenceProxy;
			fileType = wrapper.framework;
			path = PEGKit.framework;
			remoteRef = D3C7983F19060D0900EC8CB2 /* PBXContainerItemProxy */;
			sourceTree = BUILT_PRODUCTS_DIR;
		};
		D3C7984219060D0900EC8CB2 /* libPEGKitOSX.a */ = {
			isa = PBXReferenceProxy;
			fileType = archive.ar;
			path = libPEGKitOSX.a;
			remoteRef = D3C7984119060D0900EC8CB2 /* PBXContainerItemProxy */;
			sourceTree = BUILT_PRODUCTS_DIR;
		};
		D3C7984419060D0900EC8CB2 /* libPEGKitIOS.a */ = {
			isa = PBXReferenceProxy;
			fileType = archive.ar;
			path = libPEGKitIOS.a;
			remoteRef = D3C7984319060D0900EC8CB2 /* PBXContainerItemProxy */;
			sourceTree = BUILT_PRODUCTS_DIR;
		};
		D3C7984619060D0900EC8CB2 /* PEGKitTests.xctest */ = {
			isa = PBXReferenceProxy;
			fileType = wrapper.cfbundle;
			path = PEGKitTests.xctest;
			remoteRef = D3C7984519060D0900EC8CB2 /* PBXContainerItemProxy */;
			sourceTree = BUILT_PRODUCTS_DIR;
		};
		D3C7984819060D0900EC8CB2 /* ParserGenApp.app */ = {
			isa = PBXReferenceProxy;
			fileType = wrapper.application;
			path = ParserGenApp.app;
			remoteRef = D3C7984719060D0900EC8CB2 /* PBXContainerItemProxy */;
			sourceTree = BUILT_PRODUCTS_DIR;
		};
/* End PBXReferenceProxy section */

/* Begin PBXResourcesBuildPhase section */
		8DC2EF520486A6940098B216 /* Resources */ = {
			isa = PBXResourcesBuildPhase;
			buildActionMask = 2147483647;
			files = (
				8DC2EF530486A6940098B216 /* InfoPlist.strings in Resources */,
				D383A316187F4E97006AE701 /* peg_xpath1_0.grammar in Resources */,
			);
			runOnlyForDeploymentPostprocessing = 0;
		};
		D33639CC100DAA9400AC4B51 /* Resources */ = {
			isa = PBXResourcesBuildPhase;
			buildActionMask = 2147483647;
			files = (
			);
			runOnlyForDeploymentPostprocessing = 0;
		};
/* End PBXResourcesBuildPhase section */

/* Begin PBXShellScriptBuildPhase section */
		D33639CF100DAA9400AC4B51 /* ShellScript */ = {
			isa = PBXShellScriptBuildPhase;
			buildActionMask = 2147483647;
			files = (
			);
			inputPaths = (
			);
			outputPaths = (
			);
			runOnlyForDeploymentPostprocessing = 0;
			shellPath = /bin/sh;
			shellScript = "# Run the unit tests in this test bundle.\n\"${SYSTEM_DEVELOPER_DIR}/Tools/RunUnitTests\"\n";
		};
/* End PBXShellScriptBuildPhase section */

/* Begin PBXSourcesBuildPhase section */
		8DC2EF540486A6940098B216 /* Sources */ = {
			isa = PBXSourcesBuildPhase;
			buildActionMask = 2147483647;
			files = (
				D3AC84560F60C7EC00392CB4 /* XPExpression.m in Sources */,
				D34BADF5100ABA7C00996341 /* XPBooleanValue.m in Sources */,
				D3C1783718844CC500F90600 /* XPNamespaceTest.m in Sources */,
				D34BADF9100ABA9300996341 /* XPValue.m in Sources */,
				D3363817100C6E0400AC4B51 /* XPNodeSetValue.m in Sources */,
				D336381C100C6E2800AC4B51 /* XPNumericValue.m in Sources */,
				D3363820100C6E4400AC4B51 /* XPStringValue.m in Sources */,
				D3A6C2E41907391200F3EFF3 /* XPAxis.m in Sources */,
				D3363941100D7EB400AC4B51 /* XPSingletonNodeSet.m in Sources */,
				D3C1783318844C9F00F90600 /* XPNameTest.m in Sources */,
				D3363956100D813500AC4B51 /* XPObjectValue.m in Sources */,
				D33E9F841916E0E000BB7DFE /* XPStandaloneContext.m in Sources */,
				D36C679A10106874000361A0 /* XPRelationalExpression.m in Sources */,
				D36C679E1010689A000361A0 /* XPBinaryExpression.m in Sources */,
				D36C68131010E0FE000361A0 /* XPArithmeticExpression.m in Sources */,
				D37A27E51012FFA600E936B7 /* XPBooleanExpression.m in Sources */,
				D37A296A1013F39400E936B7 /* XPFunction.m in Sources */,
				D37A296E1013F57D00E936B7 /* NSError+XPAdditions.m in Sources */,
				D3C178241884472800F90600 /* XPAxisExpression.m in Sources */,
				D37A29A41013F95100E936B7 /* FNNot.m in Sources */,
				D37A2A1B1014015E00E936B7 /* FNBoolean.m in Sources */,
				D33E9F8C1916E60C00BB7DFE /* XPUtils.m in Sources */,
				D3172240190DAAD9005C633B /* XPNSXMLNodeImpl.m in Sources */,
				D37A2CAC10142D8E00E936B7 /* FNCeiling.m in Sources */,
				D37A2D02101433C600E936B7 /* FNConcat.m in Sources */,
				D37A2D641014393D00E936B7 /* FNCount.m in Sources */,
				D37A2E7D10156BF000E936B7 /* FNContains.m in Sources */,
				D37A2F0D101574B200E936B7 /* FNFloor.m in Sources */,
				D37A2F2B10157F5400E936B7 /* FNLast.m in Sources */,
				D37A2F3B10157F9100E936B7 /* FNPosition.m in Sources */,
				D37A2F761015812800E936B7 /* XPContext.m in Sources */,
				D37A2FD810158A0600E936B7 /* FNRound.m in Sources */,
				D37A2FFD10158DA900E936B7 /* FNStartsWith.m in Sources */,
				D3C1782B18844C7D00F90600 /* XPPattern.m in Sources */,
				D37A300110158DB300E936B7 /* FNString.m in Sources */,
				D37A300510158DC200E936B7 /* FNStringLength.m in Sources */,
				D37A300910158DD700E936B7 /* FNSubstring.m in Sources */,
				D37A300D10158DE500E936B7 /* FNSubstringAfter.m in Sources */,
				D37A301110158DEF00E936B7 /* FNSubstringBefore.m in Sources */,
				D37A301510158E0100E936B7 /* FNSum.m in Sources */,
				D37A30701015952F00E936B7 /* FNEndsWith.m in Sources */,
				D3A6C2F01907413800F3EFF3 /* XPStep.m in Sources */,
				D37A311B1015A6DA00E936B7 /* FNNumber.m in Sources */,
				D383A31A187F6EB8006AE701 /* XPAssembler.m in Sources */,
				D383A320187F748E006AE701 /* XPEGParser.m in Sources */,
				D36BC02B101BF50C00D1A6C7 /* XPNodeSetIntent.m in Sources */,
				D36BC032101BF52F00D1A6C7 /* XPNodeSetExpression.m in Sources */,
				D36BC033101BF52F00D1A6C7 /* XPNodeSetExtent.m in Sources */,
				D36BC034101BF52F00D1A6C7 /* XPParentNodeExpression.m in Sources */,
				D3A6C2F41907457500F3EFF3 /* XPNodeTypeTest.m in Sources */,
				D36BC035101BF52F00D1A6C7 /* XPSingletonExpression.m in Sources */,
				D36BC05B101BF5B100D1A6C7 /* XPController.m in Sources */,
				D312AE7A103A6A290098934C /* XPComparer.m in Sources */,
				D312AE7F103A6C700098934C /* XPDescendingComparer.m in Sources */,
				D3010D70141F2E4B0034B801 /* XPDoubleComparer.m in Sources */,
				D3C1782F18844C9200F90600 /* XPNodeTest.m in Sources */,
			);
			runOnlyForDeploymentPostprocessing = 0;
		};
		D33639CD100DAA9400AC4B51 /* Sources */ = {
			isa = PBXSourcesBuildPhase;
			buildActionMask = 2147483647;
			files = (
				D33639D9100DAB5700AC4B51 /* XPBooleanValueTest.m in Sources */,
				D33639F6100DB15700AC4B51 /* XPValueTest.m in Sources */,
				D3366B04188051D6008C4144 /* XPEGParserStepTest.m in Sources */,
				D36C6771101059CE000361A0 /* XPNumericValueTest.m in Sources */,
				D36C678310105EBE000361A0 /* XPStringValueTest.m in Sources */,
				D37A27F5101304EF00E936B7 /* XPBooleanExprTest.m in Sources */,
				D3C178011880EF4900F90600 /* XPEGParserLocationPathTest.m in Sources */,
				D3C177F71880EE2E00F90600 /* XPEGParserFilterExprTest.m in Sources */,
				D37A299D1013F87900E936B7 /* FNNotTest.m in Sources */,
				D383A321187F7EA5006AE701 /* XPTestScaffold.m in Sources */,
				D37A2B98101418EC00E936B7 /* FNBooleanTest.m in Sources */,
				D37A2CDA10142EC100E936B7 /* FNCeilingTest.m in Sources */,
				D37A2D25101436CE00E936B7 /* FNConcatTest.m in Sources */,
				D37A2EAC10156F5700E936B7 /* FNContainsTest.m in Sources */,
				D3172237190D8FE6005C633B /* XPEqualityExprTest.m in Sources */,
				D37A2ED71015724700E936B7 /* FNFloorTest.m in Sources */,
				D37A2FDE10158BE200E936B7 /* FNRoundTest.m in Sources */,
				D37A3075101595F400E936B7 /* FNEndsWithTest.m in Sources */,
				D37A3078101595FD00E936B7 /* FNStartsWithTest.m in Sources */,
				D37A30C610159A5400E936B7 /* FNStringTest.m in Sources */,
				D37A31201015A74D00E936B7 /* FNNumberTest.m in Sources */,
				D3A6C2EA19073B4700F3EFF3 /* XPStepTest.m in Sources */,
				D37A31851016A34C00E936B7 /* FNStringLengthTest.m in Sources */,
				D37A31BF1016A7B000E936B7 /* FNSubstringTest.m in Sources */,
				D37A320C1016C37400E936B7 /* FNSubstringAfterTest.m in Sources */,
				D37A320F1016C38000E936B7 /* FNSubstringBeforeTest.m in Sources */,
			);
			runOnlyForDeploymentPostprocessing = 0;
		};
/* End PBXSourcesBuildPhase section */

/* Begin PBXTargetDependency section */
		D33639E3100DACD900AC4B51 /* PBXTargetDependency */ = {
			isa = PBXTargetDependency;
			target = 8DC2EF4F0486A6940098B216 /* XPath */;
			targetProxy = D33639E2100DACD900AC4B51 /* PBXContainerItemProxy */;
		};
		D3C7984A19060EC200EC8CB2 /* PBXTargetDependency */ = {
			isa = PBXTargetDependency;
			name = PEGKit;
			targetProxy = D3C7984919060EC200EC8CB2 /* PBXContainerItemProxy */;
		};
/* End PBXTargetDependency section */

/* Begin PBXVariantGroup section */
		089C1666FE841158C02AAC07 /* InfoPlist.strings */ = {
			isa = PBXVariantGroup;
			children = (
				089C1667FE841158C02AAC07 /* English */,
			);
			name = InfoPlist.strings;
			sourceTree = "<group>";
		};
/* End PBXVariantGroup section */

/* Begin XCBuildConfiguration section */
		1DEB91AE08733DA50010E9CD /* Debug */ = {
			isa = XCBuildConfiguration;
			buildSettings = {
				ALWAYS_SEARCH_USER_PATHS = YES;
				COMBINE_HIDPI_IMAGES = YES;
				COPY_PHASE_STRIP = NO;
				DYLIB_COMPATIBILITY_VERSION = 1;
				DYLIB_CURRENT_VERSION = 1;
				FRAMEWORK_VERSION = A;
				GCC_DYNAMIC_NO_PIC = NO;
				GCC_MODEL_TUNING = G5;
				GCC_OPTIMIZATION_LEVEL = 0;
				GCC_PRECOMPILE_PREFIX_HEADER = YES;
				GCC_PREFIX_HEADER = XPath_Prefix.pch;
				GCC_VERSION = com.apple.compilers.llvm.clang.1_0;
				GENERATE_PROFILING_CODE = YES;
				HEADER_SEARCH_PATHS = "\"$(SRCROOT)/lib/pegkit/include\"";
				INFOPLIST_FILE = Info.plist;
				INSTALL_PATH = "$(HOME)/Library/Frameworks";
				OTHER_LDFLAGS = (
					"-framework",
					Foundation,
				);
				PRODUCT_NAME = XPath;
				SDKROOT = macosx;
				WRAPPER_EXTENSION = framework;
			};
			name = Debug;
		};
		1DEB91AF08733DA50010E9CD /* Release */ = {
			isa = XCBuildConfiguration;
			buildSettings = {
				ALWAYS_SEARCH_USER_PATHS = NO;
				COMBINE_HIDPI_IMAGES = YES;
				DEBUG_INFORMATION_FORMAT = dwarf;
				DYLIB_COMPATIBILITY_VERSION = 1;
				DYLIB_CURRENT_VERSION = 1;
				FRAMEWORK_VERSION = A;
				GCC_MODEL_TUNING = G5;
				GCC_PRECOMPILE_PREFIX_HEADER = YES;
				GCC_PREFIX_HEADER = XPath_Prefix.pch;
				GCC_VERSION = com.apple.compilers.llvm.clang.1_0;
				HEADER_SEARCH_PATHS = "\"$(SRCROOT)/lib/pegkit/include\"";
				INFOPLIST_FILE = Info.plist;
				INSTALL_PATH = "$(HOME)/Library/Frameworks";
				PRODUCT_NAME = XPath;
				SDKROOT = macosx;
				WRAPPER_EXTENSION = framework;
			};
			name = Release;
		};
		1DEB91B208733DA50010E9CD /* Debug */ = {
			isa = XCBuildConfiguration;
			buildSettings = {
				GCC_C_LANGUAGE_STANDARD = c99;
				GCC_OPTIMIZATION_LEVEL = 0;
				GCC_WARN_ABOUT_RETURN_TYPE = YES;
				GCC_WARN_UNUSED_VARIABLE = YES;
				ONLY_ACTIVE_ARCH = YES;
				SDKROOT = macosx;
			};
			name = Debug;
		};
		1DEB91B308733DA50010E9CD /* Release */ = {
			isa = XCBuildConfiguration;
			buildSettings = {
				GCC_C_LANGUAGE_STANDARD = c99;
				GCC_WARN_ABOUT_RETURN_TYPE = YES;
				GCC_WARN_UNUSED_VARIABLE = YES;
				SDKROOT = macosx;
			};
			name = Release;
		};
		D33639D3100DAA9500AC4B51 /* Debug */ = {
			isa = XCBuildConfiguration;
			buildSettings = {
				ALWAYS_SEARCH_USER_PATHS = NO;
				COMBINE_HIDPI_IMAGES = YES;
				COPY_PHASE_STRIP = NO;
				FRAMEWORK_SEARCH_PATHS = (
					"$(DEVELOPER_LIBRARY_DIR)/Frameworks",
					"$(DEVELOPER_FRAMEWORKS_DIR)",
				);
				GCC_DYNAMIC_NO_PIC = NO;
				GCC_ENABLE_OBJC_EXCEPTIONS = YES;
				GCC_ENABLE_OBJC_GC = unsupported;
				GCC_MODEL_TUNING = G5;
				GCC_OPTIMIZATION_LEVEL = 0;
				GCC_PRECOMPILE_PREFIX_HEADER = YES;
				GCC_PREFIX_HEADER = "$(SYSTEM_LIBRARY_DIR)/Frameworks/Cocoa.framework/Headers/Cocoa.h";
				INFOPLIST_FILE = "Tests-Info.plist";
				INSTALL_PATH = "$(USER_LIBRARY_DIR)/Bundles";
				PRODUCT_NAME = Tests;
				WRAPPER_EXTENSION = xctest;
			};
			name = Debug;
		};
		D33639D4100DAA9500AC4B51 /* Release */ = {
			isa = XCBuildConfiguration;
			buildSettings = {
				ALWAYS_SEARCH_USER_PATHS = NO;
				COMBINE_HIDPI_IMAGES = YES;
				COPY_PHASE_STRIP = YES;
				FRAMEWORK_SEARCH_PATHS = (
					"$(DEVELOPER_LIBRARY_DIR)/Frameworks",
					"$(DEVELOPER_FRAMEWORKS_DIR)",
				);
				GCC_ENABLE_OBJC_EXCEPTIONS = YES;
				GCC_ENABLE_OBJC_GC = unsupported;
				GCC_MODEL_TUNING = G5;
				GCC_PRECOMPILE_PREFIX_HEADER = YES;
				GCC_PREFIX_HEADER = "$(SYSTEM_LIBRARY_DIR)/Frameworks/Cocoa.framework/Headers/Cocoa.h";
				INFOPLIST_FILE = "Tests-Info.plist";
				INSTALL_PATH = "$(USER_LIBRARY_DIR)/Bundles";
				PRODUCT_NAME = Tests;
				WRAPPER_EXTENSION = xctest;
				ZERO_LINK = NO;
			};
			name = Release;
		};
/* End XCBuildConfiguration section */

/* Begin XCConfigurationList section */
		1DEB91AD08733DA50010E9CD /* Build configuration list for PBXNativeTarget "XPath" */ = {
			isa = XCConfigurationList;
			buildConfigurations = (
				1DEB91AE08733DA50010E9CD /* Debug */,
				1DEB91AF08733DA50010E9CD /* Release */,
			);
			defaultConfigurationIsVisible = 0;
			defaultConfigurationName = Release;
		};
		1DEB91B108733DA50010E9CD /* Build configuration list for PBXProject "XPath" */ = {
			isa = XCConfigurationList;
			buildConfigurations = (
				1DEB91B208733DA50010E9CD /* Debug */,
				1DEB91B308733DA50010E9CD /* Release */,
			);
			defaultConfigurationIsVisible = 0;
			defaultConfigurationName = Release;
		};
		D33639D5100DAA9500AC4B51 /* Build configuration list for PBXNativeTarget "Tests" */ = {
			isa = XCConfigurationList;
			buildConfigurations = (
				D33639D3100DAA9500AC4B51 /* Debug */,
				D33639D4100DAA9500AC4B51 /* Release */,
			);
			defaultConfigurationIsVisible = 0;
			defaultConfigurationName = Release;
		};
/* End XCConfigurationList section */
	};
	rootObject = 0867D690FE84028FC02AAC07 /* Project object */;
}
